// !$*UTF8*$!
{
	archiveVersion = 1;
	classes = {
	};
	objectVersion = 46;
	objects = {

/* Begin PBXBuildFile section */
		FD00C1EA143D116300D68CE4 /* FBAddPoints.m in Sources */ = {isa = PBXBuildFile; fileRef = FD00C1E9143D116300D68CE4 /* FBAddPoints.m */; };
		FD00C1EE143D195200D68CE4 /* FBRedeemPoints.m in Sources */ = {isa = PBXBuildFile; fileRef = FD00C1ED143D195100D68CE4 /* FBRedeemPoints.m */; };
		FD00C1F1143D1A4800D68CE4 /* FBConst.m in Sources */ = {isa = PBXBuildFile; fileRef = FD00C1F0143D1A4800D68CE4 /* FBConst.m */; };
		FD23F083143E8C6B007EA7B6 /* FBGetShopListForDevice.m in Sources */ = {isa = PBXBuildFile; fileRef = FD23F082143E8C6B007EA7B6 /* FBGetShopListForDevice.m */; };
		FD23F087143E8E1F007EA7B6 /* FBGetRedeemToken.m in Sources */ = {isa = PBXBuildFile; fileRef = FD23F086143E8E1E007EA7B6 /* FBGetRedeemToken.m */; };
		FD23F08A14414A59007EA7B6 /* FBGetTokenForDevice.m in Sources */ = {isa = PBXBuildFile; fileRef = FD23F08914414A58007EA7B6 /* FBGetTokenForDevice.m */; };
		FD23F08D144153E8007EA7B6 /* FBShop.m in Sources */ = {isa = PBXBuildFile; fileRef = FD23F08C144153E8007EA7B6 /* FBShop.m */; };
		FD23F0901441CBE8007EA7B6 /* Localizable.strings in Resources */ = {isa = PBXBuildFile; fileRef = FD23F0921441CBE8007EA7B6 /* Localizable.strings */; };
		FD283E9813C02AED00FC57EE /* UIKit.framework in Frameworks */ = {isa = PBXBuildFile; fileRef = FD283E9713C02AED00FC57EE /* UIKit.framework */; };
		FD283E9A13C02AED00FC57EE /* Foundation.framework in Frameworks */ = {isa = PBXBuildFile; fileRef = FD283E9913C02AED00FC57EE /* Foundation.framework */; };
		FD283E9C13C02AED00FC57EE /* CoreGraphics.framework in Frameworks */ = {isa = PBXBuildFile; fileRef = FD283E9B13C02AED00FC57EE /* CoreGraphics.framework */; };
		FD283EBE13C02AED00FC57EE /* UIKit.framework in Frameworks */ = {isa = PBXBuildFile; fileRef = FD283E9713C02AED00FC57EE /* UIKit.framework */; };
		FD283EBF13C02AED00FC57EE /* Foundation.framework in Frameworks */ = {isa = PBXBuildFile; fileRef = FD283E9913C02AED00FC57EE /* Foundation.framework */; };
		FD283EC013C02AED00FC57EE /* CoreGraphics.framework in Frameworks */ = {isa = PBXBuildFile; fileRef = FD283E9B13C02AED00FC57EE /* CoreGraphics.framework */; };
		FD48394D13DCD7BF00EA0397 /* libz.1.2.3.dylib in Frameworks */ = {isa = PBXBuildFile; fileRef = FD48394C13DCD7BF00EA0397 /* libz.1.2.3.dylib */; };
		FD48395013DCD7C600EA0397 /* CFNetwork.framework in Frameworks */ = {isa = PBXBuildFile; fileRef = FD48394F13DCD7C600EA0397 /* CFNetwork.framework */; };
		FD48395213DCD7CD00EA0397 /* SystemConfiguration.framework in Frameworks */ = {isa = PBXBuildFile; fileRef = FD48395113DCD7CD00EA0397 /* SystemConfiguration.framework */; };
		FD48395413DCD7D400EA0397 /* AudioToolbox.framework in Frameworks */ = {isa = PBXBuildFile; fileRef = FD48395313DCD7D400EA0397 /* AudioToolbox.framework */; };
		FD48395613DCD7E900EA0397 /* MobileCoreServices.framework in Frameworks */ = {isa = PBXBuildFile; fileRef = FD48395513DCD7E900EA0397 /* MobileCoreServices.framework */; };
		FD48396D13DCD86000EA0397 /* ASIAuthenticationDialog.m in Sources */ = {isa = PBXBuildFile; fileRef = FD48395A13DCD86000EA0397 /* ASIAuthenticationDialog.m */; };
		FD48396E13DCD86000EA0397 /* ASIDataCompressor.m in Sources */ = {isa = PBXBuildFile; fileRef = FD48395D13DCD86000EA0397 /* ASIDataCompressor.m */; };
		FD48396F13DCD86000EA0397 /* ASIDataDecompressor.m in Sources */ = {isa = PBXBuildFile; fileRef = FD48395F13DCD86000EA0397 /* ASIDataDecompressor.m */; };
		FD48397013DCD86000EA0397 /* ASIDownloadCache.m in Sources */ = {isa = PBXBuildFile; fileRef = FD48396113DCD86000EA0397 /* ASIDownloadCache.m */; };
		FD48397113DCD86000EA0397 /* ASIFormDataRequest.m in Sources */ = {isa = PBXBuildFile; fileRef = FD48396313DCD86000EA0397 /* ASIFormDataRequest.m */; };
		FD48397213DCD86000EA0397 /* ASIHTTPRequest.m in Sources */ = {isa = PBXBuildFile; fileRef = FD48396513DCD86000EA0397 /* ASIHTTPRequest.m */; };
		FD48397313DCD86000EA0397 /* ASIInputStream.m in Sources */ = {isa = PBXBuildFile; fileRef = FD48396913DCD86000EA0397 /* ASIInputStream.m */; };
		FD48397413DCD86000EA0397 /* ASINetworkQueue.m in Sources */ = {isa = PBXBuildFile; fileRef = FD48396B13DCD86000EA0397 /* ASINetworkQueue.m */; };
		FD48397713DCD87900EA0397 /* Reachability.m in Sources */ = {isa = PBXBuildFile; fileRef = FD48397613DCD87900EA0397 /* Reachability.m */; };
		FD7F0E0513C486070061548E /* CoreData.framework in Frameworks */ = {isa = PBXBuildFile; fileRef = FD7F0E0413C486070061548E /* CoreData.framework */; };
		FD8C3B8E141A2B99004D7A5C /* icon.png in Resources */ = {isa = PBXBuildFile; fileRef = FD8C3B8D141A2B99004D7A5C /* icon.png */; };
		FDBC296D142FDA3B00FABA0C /* ButtonAquaGreen.png in Resources */ = {isa = PBXBuildFile; fileRef = FDBC2964142FDA3B00FABA0C /* ButtonAquaGreen.png */; };
		FDBC296E142FDA3B00FABA0C /* ButtonAquaRed.png in Resources */ = {isa = PBXBuildFile; fileRef = FDBC2965142FDA3B00FABA0C /* ButtonAquaRed.png */; };
		FDBC296F142FDA3B00FABA0C /* FBCodeButtonOn.png in Resources */ = {isa = PBXBuildFile; fileRef = FDBC2966142FDA3B00FABA0C /* FBCodeButtonOn.png */; };
		FDBC2970142FDA3B00FABA0C /* FBCodeButtonOff.png in Resources */ = {isa = PBXBuildFile; fileRef = FDBC2967142FDA3B00FABA0C /* FBCodeButtonOff.png */; };
		FDBC2971142FDA3B00FABA0C /* Background.png in Resources */ = {isa = PBXBuildFile; fileRef = FDBC2968142FDA3B00FABA0C /* Background.png */; };
		FDBC2972142FDA3B00FABA0C /* NumberBackground.png in Resources */ = {isa = PBXBuildFile; fileRef = FDBC2969142FDA3B00FABA0C /* NumberBackground.png */; };
		FDBC2973142FDA3B00FABA0C /* Coupon.png in Resources */ = {isa = PBXBuildFile; fileRef = FDBC296A142FDA3B00FABA0C /* Coupon.png */; };
		FDBC2974142FDA3B00FABA0C /* Points.png in Resources */ = {isa = PBXBuildFile; fileRef = FDBC296B142FDA3B00FABA0C /* Points.png */; };
		FDBC2975142FDA3B00FABA0C /* ShowCode.png in Resources */ = {isa = PBXBuildFile; fileRef = FDBC296C142FDA3B00FABA0C /* ShowCode.png */; };
		FDBC297D142FDA7000FABA0C /* FBShopExt.m in Sources */ = {isa = PBXBuildFile; fileRef = FDBC2979142FDA7000FABA0C /* FBShopExt.m */; };
		FDBC297E142FDA7000FABA0C /* FBShopManager.m in Sources */ = {isa = PBXBuildFile; fileRef = FDBC297B142FDA7000FABA0C /* FBShopManager.m */; };
		FDBC2981142FDA9800FABA0C /* FooBarData.xcdatamodeld in Sources */ = {isa = PBXBuildFile; fileRef = FDBC297F142FDA9800FABA0C /* FooBarData.xcdatamodeld */; };
		FDBC2999142FDAB600FABA0C /* SBJsonParser.m in Sources */ = {isa = PBXBuildFile; fileRef = FDBC2984142FDAB600FABA0C /* SBJsonParser.m */; };
		FDBC299A142FDAB600FABA0C /* SBJsonStreamParser.m in Sources */ = {isa = PBXBuildFile; fileRef = FDBC2986142FDAB600FABA0C /* SBJsonStreamParser.m */; };
		FDBC299B142FDAB600FABA0C /* SBJsonStreamParserAccumulator.m in Sources */ = {isa = PBXBuildFile; fileRef = FDBC2988142FDAB600FABA0C /* SBJsonStreamParserAccumulator.m */; };
		FDBC299C142FDAB600FABA0C /* SBJsonStreamParserAdapter.m in Sources */ = {isa = PBXBuildFile; fileRef = FDBC298A142FDAB600FABA0C /* SBJsonStreamParserAdapter.m */; };
		FDBC299D142FDAB600FABA0C /* SBJsonStreamParserState.m in Sources */ = {isa = PBXBuildFile; fileRef = FDBC298C142FDAB600FABA0C /* SBJsonStreamParserState.m */; };
		FDBC299E142FDAB600FABA0C /* SBJsonStreamWriter.m in Sources */ = {isa = PBXBuildFile; fileRef = FDBC298E142FDAB600FABA0C /* SBJsonStreamWriter.m */; };
		FDBC299F142FDAB600FABA0C /* SBJsonStreamWriterAccumulator.m in Sources */ = {isa = PBXBuildFile; fileRef = FDBC2990142FDAB600FABA0C /* SBJsonStreamWriterAccumulator.m */; };
		FDBC29A0142FDAB600FABA0C /* SBJsonStreamWriterState.m in Sources */ = {isa = PBXBuildFile; fileRef = FDBC2992142FDAB600FABA0C /* SBJsonStreamWriterState.m */; };
		FDBC29A1142FDAB600FABA0C /* SBJsonTokeniser.m in Sources */ = {isa = PBXBuildFile; fileRef = FDBC2994142FDAB600FABA0C /* SBJsonTokeniser.m */; };
		FDBC29A2142FDAB600FABA0C /* SBJsonUTF8Stream.m in Sources */ = {isa = PBXBuildFile; fileRef = FDBC2996142FDAB600FABA0C /* SBJsonUTF8Stream.m */; };
		FDBC29A3142FDAB600FABA0C /* SBJsonWriter.m in Sources */ = {isa = PBXBuildFile; fileRef = FDBC2998142FDAB600FABA0C /* SBJsonWriter.m */; };
		FDBC29A6142FDAD300FABA0C /* NSObject+SBJson.m in Sources */ = {isa = PBXBuildFile; fileRef = FDBC29A5142FDAD300FABA0C /* NSObject+SBJson.m */; };
		FDBC29B1142FDAE600FABA0C /* APCArray.m in Sources */ = {isa = PBXBuildFile; fileRef = FDBC29A8142FDAE600FABA0C /* APCArray.m */; };
		FDBC29B2142FDAE600FABA0C /* APCDateUtil.m in Sources */ = {isa = PBXBuildFile; fileRef = FDBC29AA142FDAE600FABA0C /* APCDateUtil.m */; };
		FDBC29B3142FDAE600FABA0C /* APCJson.m in Sources */ = {isa = PBXBuildFile; fileRef = FDBC29AC142FDAE600FABA0C /* APCJson.m */; };
		FDBC29B4142FDAE600FABA0C /* APCRoundRect.m in Sources */ = {isa = PBXBuildFile; fileRef = FDBC29AE142FDAE600FABA0C /* APCRoundRect.m */; };
		FDBC29B5142FDAE600FABA0C /* APCString.m in Sources */ = {isa = PBXBuildFile; fileRef = FDBC29B0142FDAE600FABA0C /* APCString.m */; };
		FDBC29B8142FDAFF00FABA0C /* MainWindow.xib in Resources */ = {isa = PBXBuildFile; fileRef = FDBC29B6142FDAFF00FABA0C /* MainWindow.xib */; };
		FDBC29BB142FDB2500FABA0C /* InfoPlist.strings in Resources */ = {isa = PBXBuildFile; fileRef = FDBC29B9142FDB2500FABA0C /* InfoPlist.strings */; };
		FDBC29BE142FDB5300FABA0C /* FBCodeButton.m in Sources */ = {isa = PBXBuildFile; fileRef = FDBC29BD142FDB5300FABA0C /* FBCodeButton.m */; };
		FDBC29C2142FDB6300FABA0C /* BookPoints.xib in Resources */ = {isa = PBXBuildFile; fileRef = FDBC29BF142FDB6300FABA0C /* BookPoints.xib */; };
		FDBC29C3142FDB6300FABA0C /* BookPointsViewController.m in Sources */ = {isa = PBXBuildFile; fileRef = FDBC29C1142FDB6300FABA0C /* BookPointsViewController.m */; };
		FDBC29C9142FDB9E00FABA0C /* ShowCodeView.xib in Resources */ = {isa = PBXBuildFile; fileRef = FDBC29C4142FDB9E00FABA0C /* ShowCodeView.xib */; };
		FDBC29CA142FDB9E00FABA0C /* ShowCodeViewController.m in Sources */ = {isa = PBXBuildFile; fileRef = FDBC29C6142FDB9E00FABA0C /* ShowCodeViewController.m */; };
		FDBC29CB142FDB9E00FABA0C /* ShowCodeViewModel.m in Sources */ = {isa = PBXBuildFile; fileRef = FDBC29C8142FDB9E00FABA0C /* ShowCodeViewModel.m */; };
		FDBC29D4142FDBC100FABA0C /* ShopListCell.m in Sources */ = {isa = PBXBuildFile; fileRef = FDBC29CD142FDBC100FABA0C /* ShopListCell.m */; };
		FDBC29D5142FDBC100FABA0C /* ShopListCell.xib in Resources */ = {isa = PBXBuildFile; fileRef = FDBC29CE142FDBC100FABA0C /* ShopListCell.xib */; };
		FDBC29D6142FDBC100FABA0C /* ShopListCellController.m in Sources */ = {isa = PBXBuildFile; fileRef = FDBC29D0142FDBC100FABA0C /* ShopListCellController.m */; };
		FDBC29D7142FDBC100FABA0C /* StoreListView.xib in Resources */ = {isa = PBXBuildFile; fileRef = FDBC29D1142FDBC100FABA0C /* StoreListView.xib */; };
		FDBC29D8142FDBC100FABA0C /* ShopListViewController.m in Sources */ = {isa = PBXBuildFile; fileRef = FDBC29D3142FDBC100FABA0C /* ShopListViewController.m */; };
		FDBC29DF142FDBE000FABA0C /* ShopView.xib in Resources */ = {isa = PBXBuildFile; fileRef = FDBC29D9142FDBE000FABA0C /* ShopView.xib */; };
		FDBC29E0142FDBE000FABA0C /* ShopViewCell.m in Sources */ = {isa = PBXBuildFile; fileRef = FDBC29DB142FDBE000FABA0C /* ShopViewCell.m */; };
		FDBC29E1142FDBE000FABA0C /* ShopViewCell.xib in Resources */ = {isa = PBXBuildFile; fileRef = FDBC29DC142FDBE000FABA0C /* ShopViewCell.xib */; };
		FDBC29E2142FDBE000FABA0C /* ShopViewController.m in Sources */ = {isa = PBXBuildFile; fileRef = FDBC29DE142FDBE000FABA0C /* ShopViewController.m */; };
		FDBC29E6142FDBF600FABA0C /* ContactCell.m in Sources */ = {isa = PBXBuildFile; fileRef = FDBC29E4142FDBF600FABA0C /* ContactCell.m */; };
		FDBC29E7142FDBF600FABA0C /* ContactCell.xib in Resources */ = {isa = PBXBuildFile; fileRef = FDBC29E5142FDBF600FABA0C /* ContactCell.xib */; };
		FDBC29EB142FDC0C00FABA0C /* CouponView.xib in Resources */ = {isa = PBXBuildFile; fileRef = FDBC29E8142FDC0C00FABA0C /* CouponView.xib */; };
		FDBC29EC142FDC0C00FABA0C /* CouponViewController.m in Sources */ = {isa = PBXBuildFile; fileRef = FDBC29EA142FDC0C00FABA0C /* CouponViewController.m */; };
		FDBC29EF142FDC2C00FABA0C /* FooBar-Info.plist in Resources */ = {isa = PBXBuildFile; fileRef = FDBC29ED142FDC2C00FABA0C /* FooBar-Info.plist */; };
		FDBC29F2142FDC4C00FABA0C /* FBConfig.m in Sources */ = {isa = PBXBuildFile; fileRef = FDBC29F1142FDC4C00FABA0C /* FBConfig.m */; };
		FDBC29F6142FDC6B00FABA0C /* FooBarAppDelegate.m in Sources */ = {isa = PBXBuildFile; fileRef = FDBC29F4142FDC6B00FABA0C /* FooBarAppDelegate.m */; };
		FDBC29F7142FDC6B00FABA0C /* main.m in Sources */ = {isa = PBXBuildFile; fileRef = FDBC29F5142FDC6B00FABA0C /* main.m */; };
		FDBC29FD1430976100FABA0C /* FooBarTests-Info.plist in Resources */ = {isa = PBXBuildFile; fileRef = FDBC29FB1430976100FABA0C /* FooBarTests-Info.plist */; };
		FDBC29FE1430978900FABA0C /* FooBarTests-Info.plist in Resources */ = {isa = PBXBuildFile; fileRef = FDBC29FB1430976100FABA0C /* FooBarTests-Info.plist */; };
		FDBC29FF1430979800FABA0C /* FooBarTests-Info.plist in Resources */ = {isa = PBXBuildFile; fileRef = FDBC29FB1430976100FABA0C /* FooBarTests-Info.plist */; };
		FDBC2A001430A52E00FABA0C /* FooBarTests.m in Sources */ = {isa = PBXBuildFile; fileRef = FDBC29F91430974A00FABA0C /* FooBarTests.m */; };
		FDD22EF213E01F9D0048D284 /* SenTestingKit.framework in Frameworks */ = {isa = PBXBuildFile; fileRef = FDD22EF113E01F9D0048D284 /* SenTestingKit.framework */; };
		FDE79DB114349ABF00FB6AF3 /* ShopLogin.xib in Resources */ = {isa = PBXBuildFile; fileRef = FDE79DB014349ABF00FB6AF3 /* ShopLogin.xib */; };
		FDE79DB414349B8F00FB6AF3 /* ShopLoginViewController.m in Sources */ = {isa = PBXBuildFile; fileRef = FDE79DB314349B8F00FB6AF3 /* ShopLoginViewController.m */; };
		FDE79DB914349E1C00FB6AF3 /* TextFormCell.xib in Resources */ = {isa = PBXBuildFile; fileRef = FDE79DB814349E1C00FB6AF3 /* TextFormCell.xib */; };
		FDE79DBC1434A17400FB6AF3 /* TextFormCell.m in Sources */ = {isa = PBXBuildFile; fileRef = FDE79DBB1434A17400FB6AF3 /* TextFormCell.m */; };
		FDE79DC61438931400FB6AF3 /* FBCommandBase.m in Sources */ = {isa = PBXBuildFile; fileRef = FDE79DC51438931400FB6AF3 /* FBCommandBase.m */; };
		FDE79DC91438965B00FB6AF3 /* FBLoginShop.m in Sources */ = {isa = PBXBuildFile; fileRef = FDE79DC81438965B00FB6AF3 /* FBLoginShop.m */; };
		FDE79DD414390DBB00FB6AF3 /* FBCreateShop.m in Sources */ = {isa = PBXBuildFile; fileRef = FDE79DD314390DBB00FB6AF3 /* FBCreateShop.m */; };
		FDE79DDB143B544E00FB6AF3 /* APCWindow.m in Sources */ = {isa = PBXBuildFile; fileRef = FDE79DDA143B544E00FB6AF3 /* APCWindow.m */; };
/* End PBXBuildFile section */

/* Begin PBXContainerItemProxy section */
		FD283EC113C02AED00FC57EE /* PBXContainerItemProxy */ = {
			isa = PBXContainerItemProxy;
			containerPortal = FD283E8A13C02AED00FC57EE /* Project object */;
			proxyType = 1;
			remoteGlobalIDString = FD283E9213C02AED00FC57EE;
			remoteInfo = FooBar;
		};
/* End PBXContainerItemProxy section */

/* Begin PBXFileReference section */
		FD00C1E8143D116300D68CE4 /* FBAddPoints.h */ = {isa = PBXFileReference; fileEncoding = 4; lastKnownFileType = sourcecode.c.h; name = FBAddPoints.h; path = Source/FBAddPoints.h; sourceTree = "<group>"; };
		FD00C1E9143D116300D68CE4 /* FBAddPoints.m */ = {isa = PBXFileReference; fileEncoding = 4; lastKnownFileType = sourcecode.c.objc; name = FBAddPoints.m; path = Source/FBAddPoints.m; sourceTree = "<group>"; };
		FD00C1EC143D195100D68CE4 /* FBRedeemPoints.h */ = {isa = PBXFileReference; fileEncoding = 4; lastKnownFileType = sourcecode.c.h; name = FBRedeemPoints.h; path = Source/FBRedeemPoints.h; sourceTree = "<group>"; };
		FD00C1ED143D195100D68CE4 /* FBRedeemPoints.m */ = {isa = PBXFileReference; fileEncoding = 4; lastKnownFileType = sourcecode.c.objc; name = FBRedeemPoints.m; path = Source/FBRedeemPoints.m; sourceTree = "<group>"; };
		FD00C1EF143D1A4700D68CE4 /* FBConst.h */ = {isa = PBXFileReference; fileEncoding = 4; lastKnownFileType = sourcecode.c.h; name = FBConst.h; path = Source/FBConst.h; sourceTree = "<group>"; };
		FD00C1F0143D1A4800D68CE4 /* FBConst.m */ = {isa = PBXFileReference; fileEncoding = 4; lastKnownFileType = sourcecode.c.objc; name = FBConst.m; path = Source/FBConst.m; sourceTree = "<group>"; };
		FD23F081143E8C6B007EA7B6 /* FBGetShopListForDevice.h */ = {isa = PBXFileReference; fileEncoding = 4; lastKnownFileType = sourcecode.c.h; name = FBGetShopListForDevice.h; path = Source/FBGetShopListForDevice.h; sourceTree = "<group>"; };
		FD23F082143E8C6B007EA7B6 /* FBGetShopListForDevice.m */ = {isa = PBXFileReference; fileEncoding = 4; lastKnownFileType = sourcecode.c.objc; name = FBGetShopListForDevice.m; path = Source/FBGetShopListForDevice.m; sourceTree = "<group>"; };
		FD23F085143E8E1E007EA7B6 /* FBGetRedeemToken.h */ = {isa = PBXFileReference; fileEncoding = 4; lastKnownFileType = sourcecode.c.h; name = FBGetRedeemToken.h; path = Source/FBGetRedeemToken.h; sourceTree = "<group>"; };
		FD23F086143E8E1E007EA7B6 /* FBGetRedeemToken.m */ = {isa = PBXFileReference; fileEncoding = 4; lastKnownFileType = sourcecode.c.objc; name = FBGetRedeemToken.m; path = Source/FBGetRedeemToken.m; sourceTree = "<group>"; };
		FD23F08814414A57007EA7B6 /* FBGetTokenForDevice.h */ = {isa = PBXFileReference; fileEncoding = 4; lastKnownFileType = sourcecode.c.h; name = FBGetTokenForDevice.h; path = Source/FBGetTokenForDevice.h; sourceTree = "<group>"; };
		FD23F08914414A58007EA7B6 /* FBGetTokenForDevice.m */ = {isa = PBXFileReference; fileEncoding = 4; lastKnownFileType = sourcecode.c.objc; name = FBGetTokenForDevice.m; path = Source/FBGetTokenForDevice.m; sourceTree = "<group>"; };
		FD23F08B144153E8007EA7B6 /* FBShop.h */ = {isa = PBXFileReference; fileEncoding = 4; lastKnownFileType = sourcecode.c.h; name = FBShop.h; path = Source/FBShop.h; sourceTree = "<group>"; };
		FD23F08C144153E8007EA7B6 /* FBShop.m */ = {isa = PBXFileReference; fileEncoding = 4; lastKnownFileType = sourcecode.c.objc; name = FBShop.m; path = Source/FBShop.m; sourceTree = "<group>"; };
		FD23F0911441CBE8007EA7B6 /* en */ = {isa = PBXFileReference; lastKnownFileType = text.plist.strings; name = en; path = en.lproj/Localizable.strings; sourceTree = "<group>"; };
		FD23F0931441CC11007EA7B6 /* ja */ = {isa = PBXFileReference; lastKnownFileType = text.plist.strings; name = ja; path = ja.lproj/Localizable.strings; sourceTree = "<group>"; };
		FD283E9313C02AED00FC57EE /* foobar.app */ = {isa = PBXFileReference; explicitFileType = wrapper.application; includeInIndex = 0; path = foobar.app; sourceTree = BUILT_PRODUCTS_DIR; };
		FD283E9713C02AED00FC57EE /* UIKit.framework */ = {isa = PBXFileReference; lastKnownFileType = wrapper.framework; name = UIKit.framework; path = System/Library/Frameworks/UIKit.framework; sourceTree = SDKROOT; };
		FD283E9913C02AED00FC57EE /* Foundation.framework */ = {isa = PBXFileReference; lastKnownFileType = wrapper.framework; name = Foundation.framework; path = System/Library/Frameworks/Foundation.framework; sourceTree = SDKROOT; };
		FD283E9B13C02AED00FC57EE /* CoreGraphics.framework */ = {isa = PBXFileReference; lastKnownFileType = wrapper.framework; name = CoreGraphics.framework; path = System/Library/Frameworks/CoreGraphics.framework; sourceTree = SDKROOT; };
		FD48394C13DCD7BF00EA0397 /* libz.1.2.3.dylib */ = {isa = PBXFileReference; lastKnownFileType = "compiled.mach-o.dylib"; name = libz.1.2.3.dylib; path = usr/lib/libz.1.2.3.dylib; sourceTree = SDKROOT; };
		FD48394F13DCD7C600EA0397 /* CFNetwork.framework */ = {isa = PBXFileReference; lastKnownFileType = wrapper.framework; name = CFNetwork.framework; path = System/Library/Frameworks/CFNetwork.framework; sourceTree = SDKROOT; };
		FD48395113DCD7CD00EA0397 /* SystemConfiguration.framework */ = {isa = PBXFileReference; lastKnownFileType = wrapper.framework; name = SystemConfiguration.framework; path = System/Library/Frameworks/SystemConfiguration.framework; sourceTree = SDKROOT; };
		FD48395313DCD7D400EA0397 /* AudioToolbox.framework */ = {isa = PBXFileReference; lastKnownFileType = wrapper.framework; name = AudioToolbox.framework; path = System/Library/Frameworks/AudioToolbox.framework; sourceTree = SDKROOT; };
		FD48395513DCD7E900EA0397 /* MobileCoreServices.framework */ = {isa = PBXFileReference; lastKnownFileType = wrapper.framework; name = MobileCoreServices.framework; path = System/Library/Frameworks/MobileCoreServices.framework; sourceTree = SDKROOT; };
		FD48395913DCD86000EA0397 /* ASIAuthenticationDialog.h */ = {isa = PBXFileReference; fileEncoding = 4; lastKnownFileType = sourcecode.c.h; name = ASIAuthenticationDialog.h; path = "../../../work/pokeb-asi-http-request-404bbfe/Classes/ASIAuthenticationDialog.h"; sourceTree = "<group>"; };
		FD48395A13DCD86000EA0397 /* ASIAuthenticationDialog.m */ = {isa = PBXFileReference; fileEncoding = 4; lastKnownFileType = sourcecode.c.objc; name = ASIAuthenticationDialog.m; path = "../../../work/pokeb-asi-http-request-404bbfe/Classes/ASIAuthenticationDialog.m"; sourceTree = "<group>"; };
		FD48395B13DCD86000EA0397 /* ASICacheDelegate.h */ = {isa = PBXFileReference; fileEncoding = 4; lastKnownFileType = sourcecode.c.h; name = ASICacheDelegate.h; path = "../../../work/pokeb-asi-http-request-404bbfe/Classes/ASICacheDelegate.h"; sourceTree = "<group>"; };
		FD48395C13DCD86000EA0397 /* ASIDataCompressor.h */ = {isa = PBXFileReference; fileEncoding = 4; lastKnownFileType = sourcecode.c.h; name = ASIDataCompressor.h; path = "../../../work/pokeb-asi-http-request-404bbfe/Classes/ASIDataCompressor.h"; sourceTree = "<group>"; };
		FD48395D13DCD86000EA0397 /* ASIDataCompressor.m */ = {isa = PBXFileReference; fileEncoding = 4; lastKnownFileType = sourcecode.c.objc; name = ASIDataCompressor.m; path = "../../../work/pokeb-asi-http-request-404bbfe/Classes/ASIDataCompressor.m"; sourceTree = "<group>"; };
		FD48395E13DCD86000EA0397 /* ASIDataDecompressor.h */ = {isa = PBXFileReference; fileEncoding = 4; lastKnownFileType = sourcecode.c.h; name = ASIDataDecompressor.h; path = "../../../work/pokeb-asi-http-request-404bbfe/Classes/ASIDataDecompressor.h"; sourceTree = "<group>"; };
		FD48395F13DCD86000EA0397 /* ASIDataDecompressor.m */ = {isa = PBXFileReference; fileEncoding = 4; lastKnownFileType = sourcecode.c.objc; name = ASIDataDecompressor.m; path = "../../../work/pokeb-asi-http-request-404bbfe/Classes/ASIDataDecompressor.m"; sourceTree = "<group>"; };
		FD48396013DCD86000EA0397 /* ASIDownloadCache.h */ = {isa = PBXFileReference; fileEncoding = 4; lastKnownFileType = sourcecode.c.h; name = ASIDownloadCache.h; path = "../../../work/pokeb-asi-http-request-404bbfe/Classes/ASIDownloadCache.h"; sourceTree = "<group>"; };
		FD48396113DCD86000EA0397 /* ASIDownloadCache.m */ = {isa = PBXFileReference; fileEncoding = 4; lastKnownFileType = sourcecode.c.objc; name = ASIDownloadCache.m; path = "../../../work/pokeb-asi-http-request-404bbfe/Classes/ASIDownloadCache.m"; sourceTree = "<group>"; };
		FD48396213DCD86000EA0397 /* ASIFormDataRequest.h */ = {isa = PBXFileReference; fileEncoding = 4; lastKnownFileType = sourcecode.c.h; name = ASIFormDataRequest.h; path = "../../../work/pokeb-asi-http-request-404bbfe/Classes/ASIFormDataRequest.h"; sourceTree = "<group>"; };
		FD48396313DCD86000EA0397 /* ASIFormDataRequest.m */ = {isa = PBXFileReference; fileEncoding = 4; lastKnownFileType = sourcecode.c.objc; name = ASIFormDataRequest.m; path = "../../../work/pokeb-asi-http-request-404bbfe/Classes/ASIFormDataRequest.m"; sourceTree = "<group>"; };
		FD48396413DCD86000EA0397 /* ASIHTTPRequest.h */ = {isa = PBXFileReference; fileEncoding = 4; lastKnownFileType = sourcecode.c.h; name = ASIHTTPRequest.h; path = "../../../work/pokeb-asi-http-request-404bbfe/Classes/ASIHTTPRequest.h"; sourceTree = "<group>"; };
		FD48396513DCD86000EA0397 /* ASIHTTPRequest.m */ = {isa = PBXFileReference; fileEncoding = 4; lastKnownFileType = sourcecode.c.objc; name = ASIHTTPRequest.m; path = "../../../work/pokeb-asi-http-request-404bbfe/Classes/ASIHTTPRequest.m"; sourceTree = "<group>"; };
		FD48396613DCD86000EA0397 /* ASIHTTPRequestConfig.h */ = {isa = PBXFileReference; fileEncoding = 4; lastKnownFileType = sourcecode.c.h; name = ASIHTTPRequestConfig.h; path = "../../../work/pokeb-asi-http-request-404bbfe/Classes/ASIHTTPRequestConfig.h"; sourceTree = "<group>"; };
		FD48396713DCD86000EA0397 /* ASIHTTPRequestDelegate.h */ = {isa = PBXFileReference; fileEncoding = 4; lastKnownFileType = sourcecode.c.h; name = ASIHTTPRequestDelegate.h; path = "../../../work/pokeb-asi-http-request-404bbfe/Classes/ASIHTTPRequestDelegate.h"; sourceTree = "<group>"; };
		FD48396813DCD86000EA0397 /* ASIInputStream.h */ = {isa = PBXFileReference; fileEncoding = 4; lastKnownFileType = sourcecode.c.h; name = ASIInputStream.h; path = "../../../work/pokeb-asi-http-request-404bbfe/Classes/ASIInputStream.h"; sourceTree = "<group>"; };
		FD48396913DCD86000EA0397 /* ASIInputStream.m */ = {isa = PBXFileReference; fileEncoding = 4; lastKnownFileType = sourcecode.c.objc; name = ASIInputStream.m; path = "../../../work/pokeb-asi-http-request-404bbfe/Classes/ASIInputStream.m"; sourceTree = "<group>"; };
		FD48396A13DCD86000EA0397 /* ASINetworkQueue.h */ = {isa = PBXFileReference; fileEncoding = 4; lastKnownFileType = sourcecode.c.h; name = ASINetworkQueue.h; path = "../../../work/pokeb-asi-http-request-404bbfe/Classes/ASINetworkQueue.h"; sourceTree = "<group>"; };
		FD48396B13DCD86000EA0397 /* ASINetworkQueue.m */ = {isa = PBXFileReference; fileEncoding = 4; lastKnownFileType = sourcecode.c.objc; name = ASINetworkQueue.m; path = "../../../work/pokeb-asi-http-request-404bbfe/Classes/ASINetworkQueue.m"; sourceTree = "<group>"; };
		FD48396C13DCD86000EA0397 /* ASIProgressDelegate.h */ = {isa = PBXFileReference; fileEncoding = 4; lastKnownFileType = sourcecode.c.h; name = ASIProgressDelegate.h; path = "../../../work/pokeb-asi-http-request-404bbfe/Classes/ASIProgressDelegate.h"; sourceTree = "<group>"; };
		FD48397513DCD87900EA0397 /* Reachability.h */ = {isa = PBXFileReference; fileEncoding = 4; lastKnownFileType = sourcecode.c.h; name = Reachability.h; path = "../../../work/pokeb-asi-http-request-404bbfe/External/Reachability/Reachability.h"; sourceTree = "<group>"; };
		FD48397613DCD87900EA0397 /* Reachability.m */ = {isa = PBXFileReference; fileEncoding = 4; lastKnownFileType = sourcecode.c.objc; name = Reachability.m; path = "../../../work/pokeb-asi-http-request-404bbfe/External/Reachability/Reachability.m"; sourceTree = "<group>"; };
		FD7F0E0413C486070061548E /* CoreData.framework */ = {isa = PBXFileReference; lastKnownFileType = wrapper.framework; name = CoreData.framework; path = System/Library/Frameworks/CoreData.framework; sourceTree = SDKROOT; };
		FD8C3B8D141A2B99004D7A5C /* icon.png */ = {isa = PBXFileReference; lastKnownFileType = image.png; name = icon.png; path = Images/icon.png; sourceTree = SOURCE_ROOT; };
		FDBC2964142FDA3B00FABA0C /* ButtonAquaGreen.png */ = {isa = PBXFileReference; lastKnownFileType = image.png; name = ButtonAquaGreen.png; path = Resources/ButtonAquaGreen.png; sourceTree = SOURCE_ROOT; };
		FDBC2965142FDA3B00FABA0C /* ButtonAquaRed.png */ = {isa = PBXFileReference; lastKnownFileType = image.png; name = ButtonAquaRed.png; path = Resources/ButtonAquaRed.png; sourceTree = SOURCE_ROOT; };
		FDBC2966142FDA3B00FABA0C /* FBCodeButtonOn.png */ = {isa = PBXFileReference; lastKnownFileType = image.png; name = FBCodeButtonOn.png; path = Resources/FBCodeButtonOn.png; sourceTree = SOURCE_ROOT; };
		FDBC2967142FDA3B00FABA0C /* FBCodeButtonOff.png */ = {isa = PBXFileReference; lastKnownFileType = image.png; name = FBCodeButtonOff.png; path = Resources/FBCodeButtonOff.png; sourceTree = SOURCE_ROOT; };
		FDBC2968142FDA3B00FABA0C /* Background.png */ = {isa = PBXFileReference; lastKnownFileType = image.png; name = Background.png; path = Resources/Background.png; sourceTree = SOURCE_ROOT; };
		FDBC2969142FDA3B00FABA0C /* NumberBackground.png */ = {isa = PBXFileReference; lastKnownFileType = image.png; name = NumberBackground.png; path = Resources/NumberBackground.png; sourceTree = SOURCE_ROOT; };
		FDBC296A142FDA3B00FABA0C /* Coupon.png */ = {isa = PBXFileReference; lastKnownFileType = image.png; name = Coupon.png; path = Resources/Coupon.png; sourceTree = SOURCE_ROOT; };
		FDBC296B142FDA3B00FABA0C /* Points.png */ = {isa = PBXFileReference; lastKnownFileType = image.png; name = Points.png; path = Resources/Points.png; sourceTree = SOURCE_ROOT; };
		FDBC296C142FDA3B00FABA0C /* ShowCode.png */ = {isa = PBXFileReference; lastKnownFileType = image.png; name = ShowCode.png; path = Resources/ShowCode.png; sourceTree = SOURCE_ROOT; };
		FDBC2978142FDA7000FABA0C /* FBShopExt.h */ = {isa = PBXFileReference; fileEncoding = 4; lastKnownFileType = sourcecode.c.h; name = FBShopExt.h; path = Source/FBShopExt.h; sourceTree = "<group>"; };
		FDBC2979142FDA7000FABA0C /* FBShopExt.m */ = {isa = PBXFileReference; fileEncoding = 4; lastKnownFileType = sourcecode.c.objc; name = FBShopExt.m; path = Source/FBShopExt.m; sourceTree = "<group>"; };
		FDBC297A142FDA7000FABA0C /* FBShopManager.h */ = {isa = PBXFileReference; fileEncoding = 4; lastKnownFileType = sourcecode.c.h; name = FBShopManager.h; path = Source/FBShopManager.h; sourceTree = "<group>"; };
		FDBC297B142FDA7000FABA0C /* FBShopManager.m */ = {isa = PBXFileReference; fileEncoding = 4; lastKnownFileType = sourcecode.c.objc; name = FBShopManager.m; path = Source/FBShopManager.m; sourceTree = "<group>"; };
		FDBC2980142FDA9800FABA0C /* FooBarData.xcdatamodel */ = {isa = PBXFileReference; lastKnownFileType = wrapper.xcdatamodel; path = FooBarData.xcdatamodel; sourceTree = "<group>"; };
		FDBC2982142FDAB600FABA0C /* SBJson.h */ = {isa = PBXFileReference; fileEncoding = 4; lastKnownFileType = sourcecode.c.h; name = SBJson.h; path = Source/SBJson.h; sourceTree = "<group>"; };
		FDBC2983142FDAB600FABA0C /* SBJsonParser.h */ = {isa = PBXFileReference; fileEncoding = 4; lastKnownFileType = sourcecode.c.h; name = SBJsonParser.h; path = Source/SBJsonParser.h; sourceTree = "<group>"; };
		FDBC2984142FDAB600FABA0C /* SBJsonParser.m */ = {isa = PBXFileReference; fileEncoding = 4; lastKnownFileType = sourcecode.c.objc; name = SBJsonParser.m; path = Source/SBJsonParser.m; sourceTree = "<group>"; };
		FDBC2985142FDAB600FABA0C /* SBJsonStreamParser.h */ = {isa = PBXFileReference; fileEncoding = 4; lastKnownFileType = sourcecode.c.h; name = SBJsonStreamParser.h; path = Source/SBJsonStreamParser.h; sourceTree = "<group>"; };
		FDBC2986142FDAB600FABA0C /* SBJsonStreamParser.m */ = {isa = PBXFileReference; fileEncoding = 4; lastKnownFileType = sourcecode.c.objc; name = SBJsonStreamParser.m; path = Source/SBJsonStreamParser.m; sourceTree = "<group>"; };
		FDBC2987142FDAB600FABA0C /* SBJsonStreamParserAccumulator.h */ = {isa = PBXFileReference; fileEncoding = 4; lastKnownFileType = sourcecode.c.h; name = SBJsonStreamParserAccumulator.h; path = Source/SBJsonStreamParserAccumulator.h; sourceTree = "<group>"; };
		FDBC2988142FDAB600FABA0C /* SBJsonStreamParserAccumulator.m */ = {isa = PBXFileReference; fileEncoding = 4; lastKnownFileType = sourcecode.c.objc; name = SBJsonStreamParserAccumulator.m; path = Source/SBJsonStreamParserAccumulator.m; sourceTree = "<group>"; };
		FDBC2989142FDAB600FABA0C /* SBJsonStreamParserAdapter.h */ = {isa = PBXFileReference; fileEncoding = 4; lastKnownFileType = sourcecode.c.h; name = SBJsonStreamParserAdapter.h; path = Source/SBJsonStreamParserAdapter.h; sourceTree = "<group>"; };
		FDBC298A142FDAB600FABA0C /* SBJsonStreamParserAdapter.m */ = {isa = PBXFileReference; fileEncoding = 4; lastKnownFileType = sourcecode.c.objc; name = SBJsonStreamParserAdapter.m; path = Source/SBJsonStreamParserAdapter.m; sourceTree = "<group>"; };
		FDBC298B142FDAB600FABA0C /* SBJsonStreamParserState.h */ = {isa = PBXFileReference; fileEncoding = 4; lastKnownFileType = sourcecode.c.h; name = SBJsonStreamParserState.h; path = Source/SBJsonStreamParserState.h; sourceTree = "<group>"; };
		FDBC298C142FDAB600FABA0C /* SBJsonStreamParserState.m */ = {isa = PBXFileReference; fileEncoding = 4; lastKnownFileType = sourcecode.c.objc; name = SBJsonStreamParserState.m; path = Source/SBJsonStreamParserState.m; sourceTree = "<group>"; };
		FDBC298D142FDAB600FABA0C /* SBJsonStreamWriter.h */ = {isa = PBXFileReference; fileEncoding = 4; lastKnownFileType = sourcecode.c.h; name = SBJsonStreamWriter.h; path = Source/SBJsonStreamWriter.h; sourceTree = "<group>"; };
		FDBC298E142FDAB600FABA0C /* SBJsonStreamWriter.m */ = {isa = PBXFileReference; fileEncoding = 4; lastKnownFileType = sourcecode.c.objc; name = SBJsonStreamWriter.m; path = Source/SBJsonStreamWriter.m; sourceTree = "<group>"; };
		FDBC298F142FDAB600FABA0C /* SBJsonStreamWriterAccumulator.h */ = {isa = PBXFileReference; fileEncoding = 4; lastKnownFileType = sourcecode.c.h; name = SBJsonStreamWriterAccumulator.h; path = Source/SBJsonStreamWriterAccumulator.h; sourceTree = "<group>"; };
		FDBC2990142FDAB600FABA0C /* SBJsonStreamWriterAccumulator.m */ = {isa = PBXFileReference; fileEncoding = 4; lastKnownFileType = sourcecode.c.objc; name = SBJsonStreamWriterAccumulator.m; path = Source/SBJsonStreamWriterAccumulator.m; sourceTree = "<group>"; };
		FDBC2991142FDAB600FABA0C /* SBJsonStreamWriterState.h */ = {isa = PBXFileReference; fileEncoding = 4; lastKnownFileType = sourcecode.c.h; name = SBJsonStreamWriterState.h; path = Source/SBJsonStreamWriterState.h; sourceTree = "<group>"; };
		FDBC2992142FDAB600FABA0C /* SBJsonStreamWriterState.m */ = {isa = PBXFileReference; fileEncoding = 4; lastKnownFileType = sourcecode.c.objc; name = SBJsonStreamWriterState.m; path = Source/SBJsonStreamWriterState.m; sourceTree = "<group>"; };
		FDBC2993142FDAB600FABA0C /* SBJsonTokeniser.h */ = {isa = PBXFileReference; fileEncoding = 4; lastKnownFileType = sourcecode.c.h; name = SBJsonTokeniser.h; path = Source/SBJsonTokeniser.h; sourceTree = "<group>"; };
		FDBC2994142FDAB600FABA0C /* SBJsonTokeniser.m */ = {isa = PBXFileReference; fileEncoding = 4; lastKnownFileType = sourcecode.c.objc; name = SBJsonTokeniser.m; path = Source/SBJsonTokeniser.m; sourceTree = "<group>"; };
		FDBC2995142FDAB600FABA0C /* SBJsonUTF8Stream.h */ = {isa = PBXFileReference; fileEncoding = 4; lastKnownFileType = sourcecode.c.h; name = SBJsonUTF8Stream.h; path = Source/SBJsonUTF8Stream.h; sourceTree = "<group>"; };
		FDBC2996142FDAB600FABA0C /* SBJsonUTF8Stream.m */ = {isa = PBXFileReference; fileEncoding = 4; lastKnownFileType = sourcecode.c.objc; name = SBJsonUTF8Stream.m; path = Source/SBJsonUTF8Stream.m; sourceTree = "<group>"; };
		FDBC2997142FDAB600FABA0C /* SBJsonWriter.h */ = {isa = PBXFileReference; fileEncoding = 4; lastKnownFileType = sourcecode.c.h; name = SBJsonWriter.h; path = Source/SBJsonWriter.h; sourceTree = "<group>"; };
		FDBC2998142FDAB600FABA0C /* SBJsonWriter.m */ = {isa = PBXFileReference; fileEncoding = 4; lastKnownFileType = sourcecode.c.objc; name = SBJsonWriter.m; path = Source/SBJsonWriter.m; sourceTree = "<group>"; };
		FDBC29A4142FDAD300FABA0C /* NSObject+SBJson.h */ = {isa = PBXFileReference; fileEncoding = 4; lastKnownFileType = sourcecode.c.h; name = "NSObject+SBJson.h"; path = "Source/NSObject+SBJson.h"; sourceTree = "<group>"; };
		FDBC29A5142FDAD300FABA0C /* NSObject+SBJson.m */ = {isa = PBXFileReference; fileEncoding = 4; lastKnownFileType = sourcecode.c.objc; name = "NSObject+SBJson.m"; path = "Source/NSObject+SBJson.m"; sourceTree = "<group>"; };
		FDBC29A7142FDAE600FABA0C /* APCArray.h */ = {isa = PBXFileReference; fileEncoding = 4; lastKnownFileType = sourcecode.c.h; name = APCArray.h; path = Source/APCArray.h; sourceTree = "<group>"; };
		FDBC29A8142FDAE600FABA0C /* APCArray.m */ = {isa = PBXFileReference; fileEncoding = 4; lastKnownFileType = sourcecode.c.objc; name = APCArray.m; path = Source/APCArray.m; sourceTree = "<group>"; };
		FDBC29A9142FDAE600FABA0C /* APCDateUtil.h */ = {isa = PBXFileReference; fileEncoding = 4; lastKnownFileType = sourcecode.c.h; name = APCDateUtil.h; path = Source/APCDateUtil.h; sourceTree = "<group>"; };
		FDBC29AA142FDAE600FABA0C /* APCDateUtil.m */ = {isa = PBXFileReference; fileEncoding = 4; lastKnownFileType = sourcecode.c.objc; name = APCDateUtil.m; path = Source/APCDateUtil.m; sourceTree = "<group>"; };
		FDBC29AB142FDAE600FABA0C /* APCJson.h */ = {isa = PBXFileReference; fileEncoding = 4; lastKnownFileType = sourcecode.c.h; name = APCJson.h; path = Source/APCJson.h; sourceTree = "<group>"; };
		FDBC29AC142FDAE600FABA0C /* APCJson.m */ = {isa = PBXFileReference; fileEncoding = 4; lastKnownFileType = sourcecode.c.objc; name = APCJson.m; path = Source/APCJson.m; sourceTree = "<group>"; };
		FDBC29AD142FDAE600FABA0C /* APCRoundRect.h */ = {isa = PBXFileReference; fileEncoding = 4; lastKnownFileType = sourcecode.c.h; name = APCRoundRect.h; path = Source/APCRoundRect.h; sourceTree = "<group>"; };
		FDBC29AE142FDAE600FABA0C /* APCRoundRect.m */ = {isa = PBXFileReference; fileEncoding = 4; lastKnownFileType = sourcecode.c.objc; name = APCRoundRect.m; path = Source/APCRoundRect.m; sourceTree = "<group>"; };
		FDBC29AF142FDAE600FABA0C /* APCString.h */ = {isa = PBXFileReference; fileEncoding = 4; lastKnownFileType = sourcecode.c.h; name = APCString.h; path = Source/APCString.h; sourceTree = "<group>"; };
		FDBC29B0142FDAE600FABA0C /* APCString.m */ = {isa = PBXFileReference; fileEncoding = 4; lastKnownFileType = sourcecode.c.objc; name = APCString.m; path = Source/APCString.m; sourceTree = "<group>"; };
		FDBC29B7142FDAFF00FABA0C /* en */ = {isa = PBXFileReference; lastKnownFileType = file.xib; name = en; path = Source/en.lproj/MainWindow.xib; sourceTree = SOURCE_ROOT; };
		FDBC29BA142FDB2500FABA0C /* en */ = {isa = PBXFileReference; lastKnownFileType = text.plist.strings; name = en; path = Source/en.lproj/InfoPlist.strings; sourceTree = SOURCE_ROOT; };
		FDBC29BC142FDB5300FABA0C /* FBCodeButton.h */ = {isa = PBXFileReference; fileEncoding = 4; lastKnownFileType = sourcecode.c.h; name = FBCodeButton.h; path = Source/FBCodeButton.h; sourceTree = SOURCE_ROOT; };
		FDBC29BD142FDB5300FABA0C /* FBCodeButton.m */ = {isa = PBXFileReference; fileEncoding = 4; lastKnownFileType = sourcecode.c.objc; name = FBCodeButton.m; path = Source/FBCodeButton.m; sourceTree = SOURCE_ROOT; };
		FDBC29BF142FDB6300FABA0C /* BookPoints.xib */ = {isa = PBXFileReference; fileEncoding = 4; lastKnownFileType = file.xib; name = BookPoints.xib; path = Source/BookPoints.xib; sourceTree = SOURCE_ROOT; };
		FDBC29C0142FDB6300FABA0C /* BookPointsViewController.h */ = {isa = PBXFileReference; fileEncoding = 4; lastKnownFileType = sourcecode.c.h; name = BookPointsViewController.h; path = Source/BookPointsViewController.h; sourceTree = SOURCE_ROOT; };
		FDBC29C1142FDB6300FABA0C /* BookPointsViewController.m */ = {isa = PBXFileReference; fileEncoding = 4; lastKnownFileType = sourcecode.c.objc; name = BookPointsViewController.m; path = Source/BookPointsViewController.m; sourceTree = SOURCE_ROOT; };
		FDBC29C4142FDB9E00FABA0C /* ShowCodeView.xib */ = {isa = PBXFileReference; fileEncoding = 4; lastKnownFileType = file.xib; name = ShowCodeView.xib; path = Source/ShowCodeView.xib; sourceTree = SOURCE_ROOT; };
		FDBC29C5142FDB9E00FABA0C /* ShowCodeViewController.h */ = {isa = PBXFileReference; fileEncoding = 4; lastKnownFileType = sourcecode.c.h; name = ShowCodeViewController.h; path = Source/ShowCodeViewController.h; sourceTree = SOURCE_ROOT; };
		FDBC29C6142FDB9E00FABA0C /* ShowCodeViewController.m */ = {isa = PBXFileReference; fileEncoding = 4; lastKnownFileType = sourcecode.c.objc; name = ShowCodeViewController.m; path = Source/ShowCodeViewController.m; sourceTree = SOURCE_ROOT; };
		FDBC29C7142FDB9E00FABA0C /* ShowCodeViewModel.h */ = {isa = PBXFileReference; fileEncoding = 4; lastKnownFileType = sourcecode.c.h; name = ShowCodeViewModel.h; path = Source/ShowCodeViewModel.h; sourceTree = SOURCE_ROOT; };
		FDBC29C8142FDB9E00FABA0C /* ShowCodeViewModel.m */ = {isa = PBXFileReference; fileEncoding = 4; lastKnownFileType = sourcecode.c.objc; name = ShowCodeViewModel.m; path = Source/ShowCodeViewModel.m; sourceTree = SOURCE_ROOT; };
		FDBC29CC142FDBC100FABA0C /* ShopListCell.h */ = {isa = PBXFileReference; fileEncoding = 4; lastKnownFileType = sourcecode.c.h; name = ShopListCell.h; path = Source/ShopListCell.h; sourceTree = SOURCE_ROOT; };
		FDBC29CD142FDBC100FABA0C /* ShopListCell.m */ = {isa = PBXFileReference; fileEncoding = 4; lastKnownFileType = sourcecode.c.objc; name = ShopListCell.m; path = Source/ShopListCell.m; sourceTree = SOURCE_ROOT; };
		FDBC29CE142FDBC100FABA0C /* ShopListCell.xib */ = {isa = PBXFileReference; fileEncoding = 4; lastKnownFileType = file.xib; name = ShopListCell.xib; path = Source/ShopListCell.xib; sourceTree = SOURCE_ROOT; };
		FDBC29CF142FDBC100FABA0C /* ShopListCellController.h */ = {isa = PBXFileReference; fileEncoding = 4; lastKnownFileType = sourcecode.c.h; name = ShopListCellController.h; path = Source/ShopListCellController.h; sourceTree = SOURCE_ROOT; };
		FDBC29D0142FDBC100FABA0C /* ShopListCellController.m */ = {isa = PBXFileReference; fileEncoding = 4; lastKnownFileType = sourcecode.c.objc; name = ShopListCellController.m; path = Source/ShopListCellController.m; sourceTree = SOURCE_ROOT; };
		FDBC29D1142FDBC100FABA0C /* StoreListView.xib */ = {isa = PBXFileReference; fileEncoding = 4; lastKnownFileType = file.xib; name = StoreListView.xib; path = Source/StoreListView.xib; sourceTree = SOURCE_ROOT; };
		FDBC29D2142FDBC100FABA0C /* ShopListViewController.h */ = {isa = PBXFileReference; fileEncoding = 4; lastKnownFileType = sourcecode.c.h; name = ShopListViewController.h; path = Source/ShopListViewController.h; sourceTree = SOURCE_ROOT; };
		FDBC29D3142FDBC100FABA0C /* ShopListViewController.m */ = {isa = PBXFileReference; fileEncoding = 4; lastKnownFileType = sourcecode.c.objc; name = ShopListViewController.m; path = Source/ShopListViewController.m; sourceTree = SOURCE_ROOT; };
		FDBC29D9142FDBE000FABA0C /* ShopView.xib */ = {isa = PBXFileReference; fileEncoding = 4; lastKnownFileType = file.xib; name = ShopView.xib; path = Source/ShopView.xib; sourceTree = SOURCE_ROOT; };
		FDBC29DA142FDBE000FABA0C /* ShopViewCell.h */ = {isa = PBXFileReference; fileEncoding = 4; lastKnownFileType = sourcecode.c.h; name = ShopViewCell.h; path = Source/ShopViewCell.h; sourceTree = SOURCE_ROOT; };
		FDBC29DB142FDBE000FABA0C /* ShopViewCell.m */ = {isa = PBXFileReference; fileEncoding = 4; lastKnownFileType = sourcecode.c.objc; name = ShopViewCell.m; path = Source/ShopViewCell.m; sourceTree = SOURCE_ROOT; };
		FDBC29DC142FDBE000FABA0C /* ShopViewCell.xib */ = {isa = PBXFileReference; fileEncoding = 4; lastKnownFileType = file.xib; name = ShopViewCell.xib; path = Source/ShopViewCell.xib; sourceTree = SOURCE_ROOT; };
		FDBC29DD142FDBE000FABA0C /* ShopViewController.h */ = {isa = PBXFileReference; fileEncoding = 4; lastKnownFileType = sourcecode.c.h; name = ShopViewController.h; path = Source/ShopViewController.h; sourceTree = SOURCE_ROOT; };
		FDBC29DE142FDBE000FABA0C /* ShopViewController.m */ = {isa = PBXFileReference; fileEncoding = 4; lastKnownFileType = sourcecode.c.objc; name = ShopViewController.m; path = Source/ShopViewController.m; sourceTree = SOURCE_ROOT; };
		FDBC29E3142FDBF600FABA0C /* ContactCell.h */ = {isa = PBXFileReference; fileEncoding = 4; lastKnownFileType = sourcecode.c.h; name = ContactCell.h; path = Source/ContactCell.h; sourceTree = SOURCE_ROOT; };
		FDBC29E4142FDBF600FABA0C /* ContactCell.m */ = {isa = PBXFileReference; fileEncoding = 4; lastKnownFileType = sourcecode.c.objc; name = ContactCell.m; path = Source/ContactCell.m; sourceTree = SOURCE_ROOT; };
		FDBC29E5142FDBF600FABA0C /* ContactCell.xib */ = {isa = PBXFileReference; fileEncoding = 4; lastKnownFileType = file.xib; name = ContactCell.xib; path = Source/ContactCell.xib; sourceTree = SOURCE_ROOT; };
		FDBC29E8142FDC0C00FABA0C /* CouponView.xib */ = {isa = PBXFileReference; fileEncoding = 4; lastKnownFileType = file.xib; name = CouponView.xib; path = Source/CouponView.xib; sourceTree = SOURCE_ROOT; };
		FDBC29E9142FDC0C00FABA0C /* CouponViewController.h */ = {isa = PBXFileReference; fileEncoding = 4; lastKnownFileType = sourcecode.c.h; name = CouponViewController.h; path = Source/CouponViewController.h; sourceTree = SOURCE_ROOT; };
		FDBC29EA142FDC0C00FABA0C /* CouponViewController.m */ = {isa = PBXFileReference; fileEncoding = 4; lastKnownFileType = sourcecode.c.objc; name = CouponViewController.m; path = Source/CouponViewController.m; sourceTree = SOURCE_ROOT; };
		FDBC29ED142FDC2C00FABA0C /* FooBar-Info.plist */ = {isa = PBXFileReference; fileEncoding = 4; lastKnownFileType = text.plist.xml; path = "FooBar-Info.plist"; sourceTree = "<group>"; };
		FDBC29EE142FDC2C00FABA0C /* FooBar-Prefix.pch */ = {isa = PBXFileReference; fileEncoding = 4; lastKnownFileType = sourcecode.c.h; path = "FooBar-Prefix.pch"; sourceTree = "<group>"; };
		FDBC29F0142FDC4C00FABA0C /* FBConfig.h */ = {isa = PBXFileReference; fileEncoding = 4; lastKnownFileType = sourcecode.c.h; name = FBConfig.h; path = Source/FBConfig.h; sourceTree = "<group>"; };
		FDBC29F1142FDC4C00FABA0C /* FBConfig.m */ = {isa = PBXFileReference; fileEncoding = 4; lastKnownFileType = sourcecode.c.objc; name = FBConfig.m; path = Source/FBConfig.m; sourceTree = "<group>"; };
		FDBC29F3142FDC6B00FABA0C /* FooBarAppDelegate.h */ = {isa = PBXFileReference; fileEncoding = 4; lastKnownFileType = sourcecode.c.h; name = FooBarAppDelegate.h; path = Source/FooBarAppDelegate.h; sourceTree = "<group>"; };
		FDBC29F4142FDC6B00FABA0C /* FooBarAppDelegate.m */ = {isa = PBXFileReference; fileEncoding = 4; lastKnownFileType = sourcecode.c.objc; name = FooBarAppDelegate.m; path = Source/FooBarAppDelegate.m; sourceTree = "<group>"; };
		FDBC29F5142FDC6B00FABA0C /* main.m */ = {isa = PBXFileReference; fileEncoding = 4; lastKnownFileType = sourcecode.c.objc; name = main.m; path = Source/main.m; sourceTree = "<group>"; };
		FDBC29F81430974A00FABA0C /* FooBarTests.h */ = {isa = PBXFileReference; fileEncoding = 4; lastKnownFileType = sourcecode.c.h; name = FooBarTests.h; path = Tests/FooBarTests.h; sourceTree = SOURCE_ROOT; };
		FDBC29F91430974A00FABA0C /* FooBarTests.m */ = {isa = PBXFileReference; fileEncoding = 4; lastKnownFileType = sourcecode.c.objc; name = FooBarTests.m; path = Tests/FooBarTests.m; sourceTree = SOURCE_ROOT; };
		FDBC29FB1430976100FABA0C /* FooBarTests-Info.plist */ = {isa = PBXFileReference; fileEncoding = 4; lastKnownFileType = text.plist.xml; name = "FooBarTests-Info.plist"; path = "Tests/FooBarTests-Info.plist"; sourceTree = SOURCE_ROOT; };
		FDBC29FC1430976100FABA0C /* FooBarTests-Prefix.pch */ = {isa = PBXFileReference; fileEncoding = 4; lastKnownFileType = sourcecode.c.h; name = "FooBarTests-Prefix.pch"; path = "Tests/FooBarTests-Prefix.pch"; sourceTree = SOURCE_ROOT; };
		FDBC2A0A1433349C00FABA0C /* foobar-tests.octest */ = {isa = PBXFileReference; explicitFileType = wrapper.cfbundle; includeInIndex = 0; path = "foobar-tests.octest"; sourceTree = BUILT_PRODUCTS_DIR; };
		FDD22EF113E01F9D0048D284 /* SenTestingKit.framework */ = {isa = PBXFileReference; lastKnownFileType = wrapper.framework; name = SenTestingKit.framework; path = Platforms/iPhoneSimulator.platform/Developer/SDKs/iPhoneSimulator4.3.sdk/Developer/Library/Frameworks/SenTestingKit.framework; sourceTree = DEVELOPER_DIR; };
		FDE79DB014349ABF00FB6AF3 /* ShopLogin.xib */ = {isa = PBXFileReference; fileEncoding = 4; lastKnownFileType = file.xib; name = ShopLogin.xib; path = Source/ShopLogin.xib; sourceTree = SOURCE_ROOT; };
		FDE79DB214349B8F00FB6AF3 /* ShopLoginViewController.h */ = {isa = PBXFileReference; fileEncoding = 4; lastKnownFileType = sourcecode.c.h; name = ShopLoginViewController.h; path = Source/ShopLoginViewController.h; sourceTree = SOURCE_ROOT; };
		FDE79DB314349B8F00FB6AF3 /* ShopLoginViewController.m */ = {isa = PBXFileReference; fileEncoding = 4; lastKnownFileType = sourcecode.c.objc; name = ShopLoginViewController.m; path = Source/ShopLoginViewController.m; sourceTree = SOURCE_ROOT; };
		FDE79DB814349E1C00FB6AF3 /* TextFormCell.xib */ = {isa = PBXFileReference; fileEncoding = 4; lastKnownFileType = file.xib; name = TextFormCell.xib; path = Source/TextFormCell.xib; sourceTree = SOURCE_ROOT; };
		FDE79DBA1434A17400FB6AF3 /* TextFormCell.h */ = {isa = PBXFileReference; fileEncoding = 4; lastKnownFileType = sourcecode.c.h; name = TextFormCell.h; path = Source/TextFormCell.h; sourceTree = SOURCE_ROOT; };
		FDE79DBB1434A17400FB6AF3 /* TextFormCell.m */ = {isa = PBXFileReference; fileEncoding = 4; lastKnownFileType = sourcecode.c.objc; name = TextFormCell.m; path = Source/TextFormCell.m; sourceTree = SOURCE_ROOT; };
		FDE79DC41438931400FB6AF3 /* FBCommandBase.h */ = {isa = PBXFileReference; fileEncoding = 4; lastKnownFileType = sourcecode.c.h; name = FBCommandBase.h; path = Source/FBCommandBase.h; sourceTree = "<group>"; };
		FDE79DC51438931400FB6AF3 /* FBCommandBase.m */ = {isa = PBXFileReference; fileEncoding = 4; lastKnownFileType = sourcecode.c.objc; name = FBCommandBase.m; path = Source/FBCommandBase.m; sourceTree = "<group>"; };
		FDE79DC71438965B00FB6AF3 /* FBLoginShop.h */ = {isa = PBXFileReference; fileEncoding = 4; lastKnownFileType = sourcecode.c.h; name = FBLoginShop.h; path = Source/FBLoginShop.h; sourceTree = "<group>"; };
		FDE79DC81438965B00FB6AF3 /* FBLoginShop.m */ = {isa = PBXFileReference; fileEncoding = 4; lastKnownFileType = sourcecode.c.objc; name = FBLoginShop.m; path = Source/FBLoginShop.m; sourceTree = "<group>"; };
		FDE79DD214390DBA00FB6AF3 /* FBCreateShop.h */ = {isa = PBXFileReference; fileEncoding = 4; lastKnownFileType = sourcecode.c.h; name = FBCreateShop.h; path = Source/FBCreateShop.h; sourceTree = "<group>"; };
		FDE79DD314390DBB00FB6AF3 /* FBCreateShop.m */ = {isa = PBXFileReference; fileEncoding = 4; lastKnownFileType = sourcecode.c.objc; name = FBCreateShop.m; path = Source/FBCreateShop.m; sourceTree = "<group>"; };
		FDE79DD9143B544E00FB6AF3 /* APCWindow.h */ = {isa = PBXFileReference; fileEncoding = 4; lastKnownFileType = sourcecode.c.h; name = APCWindow.h; path = Source/APCWindow.h; sourceTree = "<group>"; };
		FDE79DDA143B544E00FB6AF3 /* APCWindow.m */ = {isa = PBXFileReference; fileEncoding = 4; lastKnownFileType = sourcecode.c.objc; name = APCWindow.m; path = Source/APCWindow.m; sourceTree = "<group>"; };
/* End PBXFileReference section */

/* Begin PBXFrameworksBuildPhase section */
		FD283E9013C02AED00FC57EE /* Frameworks */ = {
			isa = PBXFrameworksBuildPhase;
			buildActionMask = 2147483647;
			files = (
				FD48395613DCD7E900EA0397 /* MobileCoreServices.framework in Frameworks */,
				FD48395413DCD7D400EA0397 /* AudioToolbox.framework in Frameworks */,
				FD48395213DCD7CD00EA0397 /* SystemConfiguration.framework in Frameworks */,
				FD48395013DCD7C600EA0397 /* CFNetwork.framework in Frameworks */,
				FD48394D13DCD7BF00EA0397 /* libz.1.2.3.dylib in Frameworks */,
				FD283E9813C02AED00FC57EE /* UIKit.framework in Frameworks */,
				FD283E9A13C02AED00FC57EE /* Foundation.framework in Frameworks */,
				FD283E9C13C02AED00FC57EE /* CoreGraphics.framework in Frameworks */,
				FD7F0E0513C486070061548E /* CoreData.framework in Frameworks */,
			);
			runOnlyForDeploymentPostprocessing = 0;
		};
		FD283EB913C02AED00FC57EE /* Frameworks */ = {
			isa = PBXFrameworksBuildPhase;
			buildActionMask = 2147483647;
			files = (
				FDD22EF213E01F9D0048D284 /* SenTestingKit.framework in Frameworks */,
				FD283EBE13C02AED00FC57EE /* UIKit.framework in Frameworks */,
				FD283EBF13C02AED00FC57EE /* Foundation.framework in Frameworks */,
				FD283EC013C02AED00FC57EE /* CoreGraphics.framework in Frameworks */,
			);
			runOnlyForDeploymentPostprocessing = 0;
		};
/* End PBXFrameworksBuildPhase section */

/* Begin PBXGroup section */
		FD283E8813C02AED00FC57EE = {
			isa = PBXGroup;
			children = (
				FDBC29ED142FDC2C00FABA0C /* FooBar-Info.plist */,
				FDBC29EE142FDC2C00FABA0C /* FooBar-Prefix.pch */,
				FDBC2963142FD96C00FABA0C /* Source */,
				FD283ED913C0812E00FC57EE /* Resources */,
				FD283EC313C02AED00FC57EE /* Tests */,
				FD283E9613C02AED00FC57EE /* Frameworks */,
				FD283E9413C02AED00FC57EE /* Products */,
			);
			sourceTree = "<group>";
		};
		FD283E9413C02AED00FC57EE /* Products */ = {
			isa = PBXGroup;
			children = (
				FD283E9313C02AED00FC57EE /* foobar.app */,
				FDBC2A0A1433349C00FABA0C /* foobar-tests.octest */,
			);
			name = Products;
			sourceTree = "<group>";
		};
		FD283E9613C02AED00FC57EE /* Frameworks */ = {
			isa = PBXGroup;
			children = (
				FDD22EF113E01F9D0048D284 /* SenTestingKit.framework */,
				FD48395313DCD7D400EA0397 /* AudioToolbox.framework */,
				FD48395113DCD7CD00EA0397 /* SystemConfiguration.framework */,
				FD48395513DCD7E900EA0397 /* MobileCoreServices.framework */,
				FD48394F13DCD7C600EA0397 /* CFNetwork.framework */,
				FD48394C13DCD7BF00EA0397 /* libz.1.2.3.dylib */,
				FD7F0E0413C486070061548E /* CoreData.framework */,
				FD283E9713C02AED00FC57EE /* UIKit.framework */,
				FD283E9913C02AED00FC57EE /* Foundation.framework */,
				FD283E9B13C02AED00FC57EE /* CoreGraphics.framework */,
			);
			name = Frameworks;
			sourceTree = "<group>";
		};
		FD283E9D13C02AED00FC57EE /* View */ = {
			isa = PBXGroup;
			children = (
				FDE79DB514349D2B00FB6AF3 /* Common */,
				FDBC29B9142FDB2500FABA0C /* InfoPlist.strings */,
				FDBC29B6142FDAFF00FABA0C /* MainWindow.xib */,
				FD8E9BAC141AE18B00F04696 /* ShowCodeView */,
				FDE79DAF143499A900FB6AF3 /* ShopLogin */,
				FD8E9BAE141AE1AC00F04696 /* BookPoints */,
				FD8E9BAF141AE1C900F04696 /* ShopList */,
				FD8E9BB0141AE4BF00F04696 /* ShopView */,
				FD8E9BB1141AE4E500F04696 /* CouponView */,
			);
			name = View;
			path = FooBar;
			sourceTree = "<group>";
		};
		FD283EC313C02AED00FC57EE /* Tests */ = {
			isa = PBXGroup;
			children = (
				FDBC29F81430974A00FABA0C /* FooBarTests.h */,
				FDBC29F91430974A00FABA0C /* FooBarTests.m */,
				FD283EC413C02AED00FC57EE /* Supporting Files */,
			);
			name = Tests;
			path = FooBarTests;
			sourceTree = "<group>";
		};
		FD283EC413C02AED00FC57EE /* Supporting Files */ = {
			isa = PBXGroup;
			children = (
				FDBC29FB1430976100FABA0C /* FooBarTests-Info.plist */,
				FDBC29FC1430976100FABA0C /* FooBarTests-Prefix.pch */,
			);
			name = "Supporting Files";
			sourceTree = "<group>";
		};
		FD283ED913C0812E00FC57EE /* Resources */ = {
			isa = PBXGroup;
			children = (
				FDBC2964142FDA3B00FABA0C /* ButtonAquaGreen.png */,
				FDBC2965142FDA3B00FABA0C /* ButtonAquaRed.png */,
				FDBC2966142FDA3B00FABA0C /* FBCodeButtonOn.png */,
				FDBC2967142FDA3B00FABA0C /* FBCodeButtonOff.png */,
				FDBC2968142FDA3B00FABA0C /* Background.png */,
				FDBC2969142FDA3B00FABA0C /* NumberBackground.png */,
				FDBC296A142FDA3B00FABA0C /* Coupon.png */,
				FDBC296B142FDA3B00FABA0C /* Points.png */,
				FDBC296C142FDA3B00FABA0C /* ShowCode.png */,
				FD8C3B8D141A2B99004D7A5C /* icon.png */,
				FD23F0921441CBE8007EA7B6 /* Localizable.strings */,
			);
			name = Resources;
			path = FooBar;
			sourceTree = "<group>";
		};
		FD48395713DCD81900EA0397 /* SBJson */ = {
			isa = PBXGroup;
			children = (
				FDBC29A4142FDAD300FABA0C /* NSObject+SBJson.h */,
				FDBC29A5142FDAD300FABA0C /* NSObject+SBJson.m */,
				FDBC2982142FDAB600FABA0C /* SBJson.h */,
				FDBC2983142FDAB600FABA0C /* SBJsonParser.h */,
				FDBC2984142FDAB600FABA0C /* SBJsonParser.m */,
				FDBC2985142FDAB600FABA0C /* SBJsonStreamParser.h */,
				FDBC2986142FDAB600FABA0C /* SBJsonStreamParser.m */,
				FDBC2987142FDAB600FABA0C /* SBJsonStreamParserAccumulator.h */,
				FDBC2988142FDAB600FABA0C /* SBJsonStreamParserAccumulator.m */,
				FDBC2989142FDAB600FABA0C /* SBJsonStreamParserAdapter.h */,
				FDBC298A142FDAB600FABA0C /* SBJsonStreamParserAdapter.m */,
				FDBC298B142FDAB600FABA0C /* SBJsonStreamParserState.h */,
				FDBC298C142FDAB600FABA0C /* SBJsonStreamParserState.m */,
				FDBC298D142FDAB600FABA0C /* SBJsonStreamWriter.h */,
				FDBC298E142FDAB600FABA0C /* SBJsonStreamWriter.m */,
				FDBC298F142FDAB600FABA0C /* SBJsonStreamWriterAccumulator.h */,
				FDBC2990142FDAB600FABA0C /* SBJsonStreamWriterAccumulator.m */,
				FDBC2991142FDAB600FABA0C /* SBJsonStreamWriterState.h */,
				FDBC2992142FDAB600FABA0C /* SBJsonStreamWriterState.m */,
				FDBC2993142FDAB600FABA0C /* SBJsonTokeniser.h */,
				FDBC2994142FDAB600FABA0C /* SBJsonTokeniser.m */,
				FDBC2995142FDAB600FABA0C /* SBJsonUTF8Stream.h */,
				FDBC2996142FDAB600FABA0C /* SBJsonUTF8Stream.m */,
				FDBC2997142FDAB600FABA0C /* SBJsonWriter.h */,
				FDBC2998142FDAB600FABA0C /* SBJsonWriter.m */,
			);
			name = SBJson;
			sourceTree = "<group>";
		};
		FD48395813DCD82300EA0397 /* ASI */ = {
			isa = PBXGroup;
			children = (
				FD48395913DCD86000EA0397 /* ASIAuthenticationDialog.h */,
				FD48395A13DCD86000EA0397 /* ASIAuthenticationDialog.m */,
				FD48395B13DCD86000EA0397 /* ASICacheDelegate.h */,
				FD48395C13DCD86000EA0397 /* ASIDataCompressor.h */,
				FD48395D13DCD86000EA0397 /* ASIDataCompressor.m */,
				FD48395E13DCD86000EA0397 /* ASIDataDecompressor.h */,
				FD48395F13DCD86000EA0397 /* ASIDataDecompressor.m */,
				FD48396013DCD86000EA0397 /* ASIDownloadCache.h */,
				FD48396113DCD86000EA0397 /* ASIDownloadCache.m */,
				FD48396213DCD86000EA0397 /* ASIFormDataRequest.h */,
				FD48396313DCD86000EA0397 /* ASIFormDataRequest.m */,
				FD48396413DCD86000EA0397 /* ASIHTTPRequest.h */,
				FD48396513DCD86000EA0397 /* ASIHTTPRequest.m */,
				FD48396613DCD86000EA0397 /* ASIHTTPRequestConfig.h */,
				FD48396713DCD86000EA0397 /* ASIHTTPRequestDelegate.h */,
				FD48396813DCD86000EA0397 /* ASIInputStream.h */,
				FD48396913DCD86000EA0397 /* ASIInputStream.m */,
				FD48396A13DCD86000EA0397 /* ASINetworkQueue.h */,
				FD48396B13DCD86000EA0397 /* ASINetworkQueue.m */,
				FD48396C13DCD86000EA0397 /* ASIProgressDelegate.h */,
				FD48397513DCD87900EA0397 /* Reachability.h */,
				FD48397613DCD87900EA0397 /* Reachability.m */,
			);
			name = ASI;
			sourceTree = "<group>";
		};
		FD7F0E0313C485D50061548E /* Model */ = {
			isa = PBXGroup;
			children = (
				FDBC297F142FDA9800FABA0C /* FooBarData.xcdatamodeld */,
				FD23F08B144153E8007EA7B6 /* FBShop.h */,
				FD23F08C144153E8007EA7B6 /* FBShop.m */,
				FDBC2978142FDA7000FABA0C /* FBShopExt.h */,
				FDBC2979142FDA7000FABA0C /* FBShopExt.m */,
				FDBC297A142FDA7000FABA0C /* FBShopManager.h */,
				FDBC297B142FDA7000FABA0C /* FBShopManager.m */,
			);
			name = Model;
			sourceTree = "<group>";
		};
		FD8E9BAC141AE18B00F04696 /* ShowCodeView */ = {
			isa = PBXGroup;
			children = (
				FDBC29BC142FDB5300FABA0C /* FBCodeButton.h */,
				FDBC29BD142FDB5300FABA0C /* FBCodeButton.m */,
				FDBC29C4142FDB9E00FABA0C /* ShowCodeView.xib */,
				FDBC29C5142FDB9E00FABA0C /* ShowCodeViewController.h */,
				FDBC29C6142FDB9E00FABA0C /* ShowCodeViewController.m */,
				FDBC29C7142FDB9E00FABA0C /* ShowCodeViewModel.h */,
				FDBC29C8142FDB9E00FABA0C /* ShowCodeViewModel.m */,
			);
			name = ShowCodeView;
			sourceTree = "<group>";
		};
		FD8E9BAE141AE1AC00F04696 /* BookPoints */ = {
			isa = PBXGroup;
			children = (
				FDBC29BF142FDB6300FABA0C /* BookPoints.xib */,
				FDBC29C0142FDB6300FABA0C /* BookPointsViewController.h */,
				FDBC29C1142FDB6300FABA0C /* BookPointsViewController.m */,
			);
			name = BookPoints;
			sourceTree = "<group>";
		};
		FD8E9BAF141AE1C900F04696 /* ShopList */ = {
			isa = PBXGroup;
			children = (
				FDBC29CC142FDBC100FABA0C /* ShopListCell.h */,
				FDBC29CD142FDBC100FABA0C /* ShopListCell.m */,
				FDBC29CE142FDBC100FABA0C /* ShopListCell.xib */,
				FDBC29CF142FDBC100FABA0C /* ShopListCellController.h */,
				FDBC29D0142FDBC100FABA0C /* ShopListCellController.m */,
				FDBC29D1142FDBC100FABA0C /* StoreListView.xib */,
				FDBC29D2142FDBC100FABA0C /* ShopListViewController.h */,
				FDBC29D3142FDBC100FABA0C /* ShopListViewController.m */,
			);
			name = ShopList;
			sourceTree = "<group>";
		};
		FD8E9BB0141AE4BF00F04696 /* ShopView */ = {
			isa = PBXGroup;
			children = (
				FDBC29E5142FDBF600FABA0C /* ContactCell.xib */,
				FDBC29E3142FDBF600FABA0C /* ContactCell.h */,
				FDBC29E4142FDBF600FABA0C /* ContactCell.m */,
				FDBC29D9142FDBE000FABA0C /* ShopView.xib */,
				FDBC29DD142FDBE000FABA0C /* ShopViewController.h */,
				FDBC29DE142FDBE000FABA0C /* ShopViewController.m */,
				FDBC29DA142FDBE000FABA0C /* ShopViewCell.h */,
				FDBC29DB142FDBE000FABA0C /* ShopViewCell.m */,
				FDBC29DC142FDBE000FABA0C /* ShopViewCell.xib */,
			);
			name = ShopView;
			sourceTree = "<group>";
		};
		FD8E9BB1141AE4E500F04696 /* CouponView */ = {
			isa = PBXGroup;
			children = (
				FDBC29E8142FDC0C00FABA0C /* CouponView.xib */,
				FDBC29E9142FDC0C00FABA0C /* CouponViewController.h */,
				FDBC29EA142FDC0C00FABA0C /* CouponViewController.m */,
			);
			name = CouponView;
			sourceTree = "<group>";
		};
		FD9EE70113C8387000FC80D8 /* APC */ = {
			isa = PBXGroup;
			children = (
				FDE79DD9143B544E00FB6AF3 /* APCWindow.h */,
				FDE79DDA143B544E00FB6AF3 /* APCWindow.m */,
				FDBC29A7142FDAE600FABA0C /* APCArray.h */,
				FDBC29A8142FDAE600FABA0C /* APCArray.m */,
				FDBC29A9142FDAE600FABA0C /* APCDateUtil.h */,
				FDBC29AA142FDAE600FABA0C /* APCDateUtil.m */,
				FDBC29AB142FDAE600FABA0C /* APCJson.h */,
				FDBC29AC142FDAE600FABA0C /* APCJson.m */,
				FDBC29AD142FDAE600FABA0C /* APCRoundRect.h */,
				FDBC29AE142FDAE600FABA0C /* APCRoundRect.m */,
				FDBC29AF142FDAE600FABA0C /* APCString.h */,
				FDBC29B0142FDAE600FABA0C /* APCString.m */,
			);
			name = APC;
			sourceTree = "<group>";
		};
		FDA661BB13C565ED006F4EE7 /* API */ = {
			isa = PBXGroup;
			children = (
				FD48395813DCD82300EA0397 /* ASI */,
				FD48395713DCD81900EA0397 /* SBJson */,
				FD9EE70113C8387000FC80D8 /* APC */,
			);
			name = API;
			sourceTree = "<group>";
		};
		FDBC2963142FD96C00FABA0C /* Source */ = {
			isa = PBXGroup;
			children = (
				FDBC29F3142FDC6B00FABA0C /* FooBarAppDelegate.h */,
				FDBC29F4142FDC6B00FABA0C /* FooBarAppDelegate.m */,
				FDBC29F5142FDC6B00FABA0C /* main.m */,
				FDBC29F0142FDC4C00FABA0C /* FBConfig.h */,
				FDBC29F1142FDC4C00FABA0C /* FBConfig.m */,
				FD00C1EF143D1A4700D68CE4 /* FBConst.h */,
				FD00C1F0143D1A4800D68CE4 /* FBConst.m */,
				FDA661BB13C565ED006F4EE7 /* API */,
				FDE79DC3143892D300FB6AF3 /* Command */,
				FD7F0E0313C485D50061548E /* Model */,
				FD283E9D13C02AED00FC57EE /* View */,
			);
			name = Source;
			sourceTree = "<group>";
		};
		FDE79DAF143499A900FB6AF3 /* ShopLogin */ = {
			isa = PBXGroup;
			children = (
				FDE79DB014349ABF00FB6AF3 /* ShopLogin.xib */,
				FDE79DB214349B8F00FB6AF3 /* ShopLoginViewController.h */,
				FDE79DB314349B8F00FB6AF3 /* ShopLoginViewController.m */,
			);
			name = ShopLogin;
			sourceTree = "<group>";
		};
		FDE79DB514349D2B00FB6AF3 /* Common */ = {
			isa = PBXGroup;
			children = (
				FDE79DB814349E1C00FB6AF3 /* TextFormCell.xib */,
				FDE79DBA1434A17400FB6AF3 /* TextFormCell.h */,
				FDE79DBB1434A17400FB6AF3 /* TextFormCell.m */,
			);
			name = Common;
			sourceTree = "<group>";
		};
		FDE79DC3143892D300FB6AF3 /* Command */ = {
			isa = PBXGroup;
			children = (
				FDE79DC41438931400FB6AF3 /* FBCommandBase.h */,
				FDE79DC51438931400FB6AF3 /* FBCommandBase.m */,
				FDE79DC71438965B00FB6AF3 /* FBLoginShop.h */,
				FDE79DC81438965B00FB6AF3 /* FBLoginShop.m */,
				FDE79DD214390DBA00FB6AF3 /* FBCreateShop.h */,
				FDE79DD314390DBB00FB6AF3 /* FBCreateShop.m */,
				FD00C1E8143D116300D68CE4 /* FBAddPoints.h */,
				FD00C1E9143D116300D68CE4 /* FBAddPoints.m */,
				FD00C1EC143D195100D68CE4 /* FBRedeemPoints.h */,
				FD00C1ED143D195100D68CE4 /* FBRedeemPoints.m */,
				FD23F081143E8C6B007EA7B6 /* FBGetShopListForDevice.h */,
				FD23F082143E8C6B007EA7B6 /* FBGetShopListForDevice.m */,
				FD23F085143E8E1E007EA7B6 /* FBGetRedeemToken.h */,
				FD23F086143E8E1E007EA7B6 /* FBGetRedeemToken.m */,
				FD23F08814414A57007EA7B6 /* FBGetTokenForDevice.h */,
				FD23F08914414A58007EA7B6 /* FBGetTokenForDevice.m */,
			);
			name = Command;
			sourceTree = "<group>";
		};
/* End PBXGroup section */

/* Begin PBXNativeTarget section */
		FD283E9213C02AED00FC57EE /* foobar */ = {
			isa = PBXNativeTarget;
			buildConfigurationList = FD283ED013C02AED00FC57EE /* Build configuration list for PBXNativeTarget "foobar" */;
			buildPhases = (
				FD283E8F13C02AED00FC57EE /* Sources */,
				FD283E9013C02AED00FC57EE /* Frameworks */,
				FD283E9113C02AED00FC57EE /* Resources */,
			);
			buildRules = (
			);
			dependencies = (
			);
			name = foobar;
			productName = FooBar;
			productReference = FD283E9313C02AED00FC57EE /* foobar.app */;
			productType = "com.apple.product-type.application";
		};
		FD283EBC13C02AED00FC57EE /* foobar-tests */ = {
			isa = PBXNativeTarget;
			buildConfigurationList = FD283ED313C02AED00FC57EE /* Build configuration list for PBXNativeTarget "foobar-tests" */;
			buildPhases = (
				FD283EB813C02AED00FC57EE /* Sources */,
				FD283EB913C02AED00FC57EE /* Frameworks */,
				FD283EBA13C02AED00FC57EE /* Resources */,
				FD283EBB13C02AED00FC57EE /* ShellScript */,
			);
			buildRules = (
			);
			dependencies = (
				FD283EC213C02AED00FC57EE /* PBXTargetDependency */,
			);
			name = "foobar-tests";
			productName = FooBarTests;
			productReference = FDBC2A0A1433349C00FABA0C /* foobar-tests.octest */;
			productType = "com.apple.product-type.bundle";
		};
/* End PBXNativeTarget section */

/* Begin PBXProject section */
		FD283E8A13C02AED00FC57EE /* Project object */ = {
			isa = PBXProject;
			buildConfigurationList = FD283E8D13C02AED00FC57EE /* Build configuration list for PBXProject "foobar" */;
			compatibilityVersion = "Xcode 3.2";
			developmentRegion = English;
			hasScannedForEncodings = 0;
			knownRegions = (
				en,
				ja,
			);
			mainGroup = FD283E8813C02AED00FC57EE;
			productRefGroup = FD283E9413C02AED00FC57EE /* Products */;
			projectDirPath = "";
			projectRoot = "";
			targets = (
				FD283E9213C02AED00FC57EE /* foobar */,
				FD283EBC13C02AED00FC57EE /* foobar-tests */,
			);
		};
/* End PBXProject section */

/* Begin PBXResourcesBuildPhase section */
		FD283E9113C02AED00FC57EE /* Resources */ = {
			isa = PBXResourcesBuildPhase;
			buildActionMask = 2147483647;
			files = (
				FD8C3B8E141A2B99004D7A5C /* icon.png in Resources */,
				FDBC296D142FDA3B00FABA0C /* ButtonAquaGreen.png in Resources */,
				FDBC296E142FDA3B00FABA0C /* ButtonAquaRed.png in Resources */,
				FDBC296F142FDA3B00FABA0C /* FBCodeButtonOn.png in Resources */,
				FDBC2970142FDA3B00FABA0C /* FBCodeButtonOff.png in Resources */,
				FDBC2971142FDA3B00FABA0C /* Background.png in Resources */,
				FDBC2972142FDA3B00FABA0C /* NumberBackground.png in Resources */,
				FDBC2973142FDA3B00FABA0C /* Coupon.png in Resources */,
				FDBC2974142FDA3B00FABA0C /* Points.png in Resources */,
				FDBC2975142FDA3B00FABA0C /* ShowCode.png in Resources */,
				FDBC29B8142FDAFF00FABA0C /* MainWindow.xib in Resources */,
				FDBC29BB142FDB2500FABA0C /* InfoPlist.strings in Resources */,
				FDBC29C2142FDB6300FABA0C /* BookPoints.xib in Resources */,
				FDBC29C9142FDB9E00FABA0C /* ShowCodeView.xib in Resources */,
				FDBC29D5142FDBC100FABA0C /* ShopListCell.xib in Resources */,
				FDBC29D7142FDBC100FABA0C /* StoreListView.xib in Resources */,
				FDBC29DF142FDBE000FABA0C /* ShopView.xib in Resources */,
				FDBC29E1142FDBE000FABA0C /* ShopViewCell.xib in Resources */,
				FDBC29E7142FDBF600FABA0C /* ContactCell.xib in Resources */,
				FDBC29EB142FDC0C00FABA0C /* CouponView.xib in Resources */,
				FDBC29EF142FDC2C00FABA0C /* FooBar-Info.plist in Resources */,
				FDBC29FD1430976100FABA0C /* FooBarTests-Info.plist in Resources */,
				FDBC29FE1430978900FABA0C /* FooBarTests-Info.plist in Resources */,
				FDBC29FF1430979800FABA0C /* FooBarTests-Info.plist in Resources */,
				FDE79DB114349ABF00FB6AF3 /* ShopLogin.xib in Resources */,
				FDE79DB914349E1C00FB6AF3 /* TextFormCell.xib in Resources */,
				FD23F0901441CBE8007EA7B6 /* Localizable.strings in Resources */,
			);
			runOnlyForDeploymentPostprocessing = 0;
		};
		FD283EBA13C02AED00FC57EE /* Resources */ = {
			isa = PBXResourcesBuildPhase;
			buildActionMask = 2147483647;
			files = (
			);
			runOnlyForDeploymentPostprocessing = 0;
		};
/* End PBXResourcesBuildPhase section */

/* Begin PBXShellScriptBuildPhase section */
		FD283EBB13C02AED00FC57EE /* ShellScript */ = {
			isa = PBXShellScriptBuildPhase;
			buildActionMask = 2147483647;
			files = (
			);
			inputPaths = (
			);
			outputPaths = (
			);
			runOnlyForDeploymentPostprocessing = 0;
			shellPath = /bin/sh;
			shellScript = "# Run the unit tests in this test bundle.\n\"${SYSTEM_DEVELOPER_DIR}/Tools/RunUnitTests\"\n";
		};
/* End PBXShellScriptBuildPhase section */

/* Begin PBXSourcesBuildPhase section */
		FD283E8F13C02AED00FC57EE /* Sources */ = {
			isa = PBXSourcesBuildPhase;
			buildActionMask = 2147483647;
			files = (
				FD48396D13DCD86000EA0397 /* ASIAuthenticationDialog.m in Sources */,
				FD48396E13DCD86000EA0397 /* ASIDataCompressor.m in Sources */,
				FD48396F13DCD86000EA0397 /* ASIDataDecompressor.m in Sources */,
				FD48397013DCD86000EA0397 /* ASIDownloadCache.m in Sources */,
				FD48397113DCD86000EA0397 /* ASIFormDataRequest.m in Sources */,
				FD48397213DCD86000EA0397 /* ASIHTTPRequest.m in Sources */,
				FD48397313DCD86000EA0397 /* ASIInputStream.m in Sources */,
				FD48397413DCD86000EA0397 /* ASINetworkQueue.m in Sources */,
				FD48397713DCD87900EA0397 /* Reachability.m in Sources */,
				FDBC297D142FDA7000FABA0C /* FBShopExt.m in Sources */,
				FDBC297E142FDA7000FABA0C /* FBShopManager.m in Sources */,
				FDBC2981142FDA9800FABA0C /* FooBarData.xcdatamodeld in Sources */,
				FDBC2999142FDAB600FABA0C /* SBJsonParser.m in Sources */,
				FDBC299A142FDAB600FABA0C /* SBJsonStreamParser.m in Sources */,
				FDBC299B142FDAB600FABA0C /* SBJsonStreamParserAccumulator.m in Sources */,
				FDBC299C142FDAB600FABA0C /* SBJsonStreamParserAdapter.m in Sources */,
				FDBC299D142FDAB600FABA0C /* SBJsonStreamParserState.m in Sources */,
				FDBC299E142FDAB600FABA0C /* SBJsonStreamWriter.m in Sources */,
				FDBC299F142FDAB600FABA0C /* SBJsonStreamWriterAccumulator.m in Sources */,
				FDBC29A0142FDAB600FABA0C /* SBJsonStreamWriterState.m in Sources */,
				FDBC29A1142FDAB600FABA0C /* SBJsonTokeniser.m in Sources */,
				FDBC29A2142FDAB600FABA0C /* SBJsonUTF8Stream.m in Sources */,
				FDBC29A3142FDAB600FABA0C /* SBJsonWriter.m in Sources */,
				FDBC29A6142FDAD300FABA0C /* NSObject+SBJson.m in Sources */,
				FDBC29B1142FDAE600FABA0C /* APCArray.m in Sources */,
				FDBC29B2142FDAE600FABA0C /* APCDateUtil.m in Sources */,
				FDBC29B3142FDAE600FABA0C /* APCJson.m in Sources */,
				FDBC29B4142FDAE600FABA0C /* APCRoundRect.m in Sources */,
				FDBC29B5142FDAE600FABA0C /* APCString.m in Sources */,
				FDBC29BE142FDB5300FABA0C /* FBCodeButton.m in Sources */,
				FDBC29C3142FDB6300FABA0C /* BookPointsViewController.m in Sources */,
				FDBC29CA142FDB9E00FABA0C /* ShowCodeViewController.m in Sources */,
				FDBC29CB142FDB9E00FABA0C /* ShowCodeViewModel.m in Sources */,
				FDBC29D4142FDBC100FABA0C /* ShopListCell.m in Sources */,
				FDBC29D6142FDBC100FABA0C /* ShopListCellController.m in Sources */,
				FDBC29D8142FDBC100FABA0C /* ShopListViewController.m in Sources */,
				FDBC29E0142FDBE000FABA0C /* ShopViewCell.m in Sources */,
				FDBC29E2142FDBE000FABA0C /* ShopViewController.m in Sources */,
				FDBC29E6142FDBF600FABA0C /* ContactCell.m in Sources */,
				FDBC29EC142FDC0C00FABA0C /* CouponViewController.m in Sources */,
				FDBC29F2142FDC4C00FABA0C /* FBConfig.m in Sources */,
				FDBC29F6142FDC6B00FABA0C /* FooBarAppDelegate.m in Sources */,
				FDBC29F7142FDC6B00FABA0C /* main.m in Sources */,
				FDE79DB414349B8F00FB6AF3 /* ShopLoginViewController.m in Sources */,
				FDE79DBC1434A17400FB6AF3 /* TextFormCell.m in Sources */,
				FDE79DC61438931400FB6AF3 /* FBCommandBase.m in Sources */,
				FDE79DC91438965B00FB6AF3 /* FBLoginShop.m in Sources */,
				FDE79DD414390DBB00FB6AF3 /* FBCreateShop.m in Sources */,
				FDE79DDB143B544E00FB6AF3 /* APCWindow.m in Sources */,
				FD00C1EA143D116300D68CE4 /* FBAddPoints.m in Sources */,
				FD00C1EE143D195200D68CE4 /* FBRedeemPoints.m in Sources */,
				FD00C1F1143D1A4800D68CE4 /* FBConst.m in Sources */,
				FD23F083143E8C6B007EA7B6 /* FBGetShopListForDevice.m in Sources */,
				FD23F087143E8E1F007EA7B6 /* FBGetRedeemToken.m in Sources */,
				FD23F08A14414A59007EA7B6 /* FBGetTokenForDevice.m in Sources */,
				FD23F08D144153E8007EA7B6 /* FBShop.m in Sources */,
			);
			runOnlyForDeploymentPostprocessing = 0;
		};
		FD283EB813C02AED00FC57EE /* Sources */ = {
			isa = PBXSourcesBuildPhase;
			buildActionMask = 2147483647;
			files = (
				FDBC2A001430A52E00FABA0C /* FooBarTests.m in Sources */,
			);
			runOnlyForDeploymentPostprocessing = 0;
		};
/* End PBXSourcesBuildPhase section */

/* Begin PBXTargetDependency section */
		FD283EC213C02AED00FC57EE /* PBXTargetDependency */ = {
			isa = PBXTargetDependency;
			target = FD283E9213C02AED00FC57EE /* foobar */;
			targetProxy = FD283EC113C02AED00FC57EE /* PBXContainerItemProxy */;
		};
/* End PBXTargetDependency section */

/* Begin PBXVariantGroup section */
		FD23F0921441CBE8007EA7B6 /* Localizable.strings */ = {
			isa = PBXVariantGroup;
			children = (
				FD23F0911441CBE8007EA7B6 /* en */,
				FD23F0931441CC11007EA7B6 /* ja */,
			);
			name = Localizable.strings;
			path = Resources;
			sourceTree = SOURCE_ROOT;
		};
		FDBC29B6142FDAFF00FABA0C /* MainWindow.xib */ = {
			isa = PBXVariantGroup;
			children = (
				FDBC29B7142FDAFF00FABA0C /* en */,
			);
			name = MainWindow.xib;
			sourceTree = "<group>";
		};
		FDBC29B9142FDB2500FABA0C /* InfoPlist.strings */ = {
			isa = PBXVariantGroup;
			children = (
				FDBC29BA142FDB2500FABA0C /* en */,
			);
			name = InfoPlist.strings;
			sourceTree = "<group>";
		};
/* End PBXVariantGroup section */

/* Begin XCBuildConfiguration section */
		FD283ECE13C02AED00FC57EE /* Debug */ = {
			isa = XCBuildConfiguration;
			buildSettings = {
				ADDITIONAL_SDKS = "";
				ARCHS = "$(ARCHS_STANDARD_32_BIT)";
				"CODE_SIGN_IDENTITY[sdk=iphoneos*]" = "iPhone Developer";
				GCC_C_LANGUAGE_STANDARD = gnu99;
				GCC_OPTIMIZATION_LEVEL = 0;
				GCC_PREPROCESSOR_DEFINITIONS = DEBUG;
				GCC_SYMBOLS_PRIVATE_EXTERN = NO;
				GCC_VERSION = com.apple.compilers.llvmgcc42;
				GCC_WARN_ABOUT_RETURN_TYPE = YES;
				GCC_WARN_UNUSED_VARIABLE = YES;
				IPHONEOS_DEPLOYMENT_TARGET = 4.3;
				OTHER_LDFLAGS = "";
				SDKROOT = iphoneos;
			};
			name = Debug;
		};
		FD283ECF13C02AED00FC57EE /* Release */ = {
			isa = XCBuildConfiguration;
			buildSettings = {
				ADDITIONAL_SDKS = "";
				ARCHS = "$(ARCHS_STANDARD_32_BIT)";
				"CODE_SIGN_IDENTITY[sdk=iphoneos*]" = "iPhone Developer";
				GCC_C_LANGUAGE_STANDARD = gnu99;
				GCC_VERSION = com.apple.compilers.llvmgcc42;
				GCC_WARN_ABOUT_RETURN_TYPE = YES;
				GCC_WARN_UNUSED_VARIABLE = YES;
				IPHONEOS_DEPLOYMENT_TARGET = 4.3;
				OTHER_CFLAGS = "-DNS_BLOCK_ASSERTIONS=1";
				OTHER_LDFLAGS = "";
				SDKROOT = iphoneos;
			};
			name = Release;
		};
		FD283ED113C02AED00FC57EE /* Debug */ = {
			isa = XCBuildConfiguration;
			buildSettings = {
				ALWAYS_SEARCH_USER_PATHS = NO;
				"CODE_SIGN_IDENTITY[sdk=iphoneos*]" = "iPhone Developer: YUSUKE IZUMI (54D6FFFNE2)";
				COPY_PHASE_STRIP = NO;
				GCC_DYNAMIC_NO_PIC = NO;
				GCC_PRECOMPILE_PREFIX_HEADER = YES;
				GCC_PREFIX_HEADER = "FooBar-Prefix.pch";
				INFOPLIST_FILE = "FooBar-Info.plist";
				PRODUCT_NAME = "$(TARGET_NAME)";
				"PROVISIONING_PROFILE[sdk=iphoneos*]" = "55165566-BEEE-47E7-81F3-ED8B963BFBFC";
				WRAPPER_EXTENSION = app;
			};
			name = Debug;
		};
		FD283ED213C02AED00FC57EE /* Release */ = {
			isa = XCBuildConfiguration;
			buildSettings = {
				ALWAYS_SEARCH_USER_PATHS = NO;
				COPY_PHASE_STRIP = YES;
				GCC_PRECOMPILE_PREFIX_HEADER = YES;
				GCC_PREFIX_HEADER = "FooBar-Prefix.pch";
				INFOPLIST_FILE = "FooBar-Info.plist";
				PRODUCT_NAME = "$(TARGET_NAME)";
				VALIDATE_PRODUCT = YES;
				WRAPPER_EXTENSION = app;
			};
			name = Release;
		};
		FD283ED413C02AED00FC57EE /* Debug */ = {
			isa = XCBuildConfiguration;
			buildSettings = {
				ADDITIONAL_SDKS = "";
				ALWAYS_SEARCH_USER_PATHS = NO;
				BUNDLE_LOADER = "$(BUILT_PRODUCTS_DIR)/foobar.app/foobar";
				FRAMEWORK_SEARCH_PATHS = (
					"$(SDKROOT)/Developer/Library/Frameworks",
					"$(DEVELOPER_LIBRARY_DIR)/Frameworks",
					"\"$(DEVELOPER_DIR)/Platforms/iPhoneSimulator.platform/Developer/SDKs/iPhoneSimulator4.3.sdk/Developer/Library/Frameworks\"",
				);
				GCC_PRECOMPILE_PREFIX_HEADER = YES;
				GCC_PREFIX_HEADER = "FooBarTests-Prefix.pch";
				INFOPLIST_FILE = "Tests/FooBarTests-Info.plist";
				OTHER_LDFLAGS = (
					"-framework",
					SenTestingKit,
				);
				PRODUCT_NAME = "$(TARGET_NAME)";
				TEST_AFTER_BUILD = YES;
				TEST_HOST = "$(BUNDLE_LOADER)";
				WRAPPER_EXTENSION = octest;
			};
			name = Debug;
		};
		FD283ED513C02AED00FC57EE /* Release */ = {
			isa = XCBuildConfiguration;
			buildSettings = {
				ADDITIONAL_SDKS = "";
				ALWAYS_SEARCH_USER_PATHS = NO;
				BUNDLE_LOADER = "$(BUILT_PRODUCTS_DIR)/foobar.app/foobar";
				FRAMEWORK_SEARCH_PATHS = (
					"$(SDKROOT)/Developer/Library/Frameworks",
					"$(DEVELOPER_LIBRARY_DIR)/Frameworks",
					"\"$(DEVELOPER_DIR)/Platforms/iPhoneSimulator.platform/Developer/SDKs/iPhoneSimulator4.3.sdk/Developer/Library/Frameworks\"",
				);
				GCC_PRECOMPILE_PREFIX_HEADER = YES;
				GCC_PREFIX_HEADER = "FooBarTests-Prefix.pch";
				INFOPLIST_FILE = "Tests/FooBarTests-Info.plist";
				OTHER_LDFLAGS = (
					"-framework",
					SenTestingKit,
				);
				PRODUCT_NAME = "$(TARGET_NAME)";
				TEST_AFTER_BUILD = YES;
				TEST_HOST = "$(BUNDLE_LOADER)";
				WRAPPER_EXTENSION = octest;
			};
			name = Release;
		};
/* End XCBuildConfiguration section */

/* Begin XCConfigurationList section */
		FD283E8D13C02AED00FC57EE /* Build configuration list for PBXProject "foobar" */ = {
			isa = XCConfigurationList;
			buildConfigurations = (
				FD283ECE13C02AED00FC57EE /* Debug */,
				FD283ECF13C02AED00FC57EE /* Release */,
			);
			defaultConfigurationIsVisible = 0;
			defaultConfigurationName = Release;
		};
		FD283ED013C02AED00FC57EE /* Build configuration list for PBXNativeTarget "foobar" */ = {
			isa = XCConfigurationList;
			buildConfigurations = (
				FD283ED113C02AED00FC57EE /* Debug */,
				FD283ED213C02AED00FC57EE /* Release */,
			);
			defaultConfigurationIsVisible = 0;
			defaultConfigurationName = Release;
		};
		FD283ED313C02AED00FC57EE /* Build configuration list for PBXNativeTarget "foobar-tests" */ = {
			isa = XCConfigurationList;
			buildConfigurations = (
				FD283ED413C02AED00FC57EE /* Debug */,
				FD283ED513C02AED00FC57EE /* Release */,
			);
			defaultConfigurationIsVisible = 0;
			defaultConfigurationName = Release;
		};
/* End XCConfigurationList section */

/* Begin XCVersionGroup section */
		FDBC297F142FDA9800FABA0C /* FooBarData.xcdatamodeld */ = {
			isa = XCVersionGroup;
			children = (
				FDBC2980142FDA9800FABA0C /* FooBarData.xcdatamodel */,
			);
			currentVersion = FDBC2980142FDA9800FABA0C /* FooBarData.xcdatamodel */;
			name = FooBarData.xcdatamodeld;
			path = Source/FooBarData.xcdatamodeld;
			sourceTree = "<group>";
			versionGroupType = wrapper.xcdatamodel;
		};
/* End XCVersionGroup section */
	};
	rootObject = FD283E8A13C02AED00FC57EE /* Project object */;
}
