// !$*UTF8*$!
{
	archiveVersion = 1;
	classes = {
	};
	objectVersion = 46;
	objects = {

/* Begin PBXBuildFile section */
		FD283E9813C02AED00FC57EE /* UIKit.framework in Frameworks */ = {isa = PBXBuildFile; fileRef = FD283E9713C02AED00FC57EE /* UIKit.framework */; };
		FD283E9A13C02AED00FC57EE /* Foundation.framework in Frameworks */ = {isa = PBXBuildFile; fileRef = FD283E9913C02AED00FC57EE /* Foundation.framework */; };
		FD283E9C13C02AED00FC57EE /* CoreGraphics.framework in Frameworks */ = {isa = PBXBuildFile; fileRef = FD283E9B13C02AED00FC57EE /* CoreGraphics.framework */; };
		FD283EA213C02AED00FC57EE /* InfoPlist.strings in Resources */ = {isa = PBXBuildFile; fileRef = FD283EA013C02AED00FC57EE /* InfoPlist.strings */; };
		FD283EA513C02AED00FC57EE /* main.m in Sources */ = {isa = PBXBuildFile; fileRef = FD283EA413C02AED00FC57EE /* main.m */; };
		FD283EA813C02AED00FC57EE /* FooBarAppDelegate.m in Sources */ = {isa = PBXBuildFile; fileRef = FD283EA713C02AED00FC57EE /* FooBarAppDelegate.m */; };
		FD283EAB13C02AED00FC57EE /* MainWindow.xib in Resources */ = {isa = PBXBuildFile; fileRef = FD283EA913C02AED00FC57EE /* MainWindow.xib */; };
		FD283EBE13C02AED00FC57EE /* UIKit.framework in Frameworks */ = {isa = PBXBuildFile; fileRef = FD283E9713C02AED00FC57EE /* UIKit.framework */; };
		FD283EBF13C02AED00FC57EE /* Foundation.framework in Frameworks */ = {isa = PBXBuildFile; fileRef = FD283E9913C02AED00FC57EE /* Foundation.framework */; };
		FD283EC013C02AED00FC57EE /* CoreGraphics.framework in Frameworks */ = {isa = PBXBuildFile; fileRef = FD283E9B13C02AED00FC57EE /* CoreGraphics.framework */; };
		FD283EC813C02AED00FC57EE /* InfoPlist.strings in Resources */ = {isa = PBXBuildFile; fileRef = FD283EC613C02AED00FC57EE /* InfoPlist.strings */; };
		FD283ED813C02B2F00FC57EE /* FooBarData.xcdatamodeld in Sources */ = {isa = PBXBuildFile; fileRef = FD283ED613C02B2F00FC57EE /* FooBarData.xcdatamodeld */; };
		FD2BF60D141CE61000E6E6E5 /* FooBarTests.m in Sources */ = {isa = PBXBuildFile; fileRef = FD2BF60A141CE4CB00E6E6E5 /* FooBarTests.m */; };
		FD2BF613141CF45D00E6E6E5 /* FBStore.m in Sources */ = {isa = PBXBuildFile; fileRef = FD2BF612141CF45D00E6E6E5 /* FBStore.m */; };
		FD3092CD1415153B0051FCD9 /* FBStoreExt.m in Sources */ = {isa = PBXBuildFile; fileRef = FD3092CC1415153A0051FCD9 /* FBStoreExt.m */; };
		FD3092E014151A110051FCD9 /* StoreViewController.m in Sources */ = {isa = PBXBuildFile; fileRef = FD3092DF14151A100051FCD9 /* StoreViewController.m */; };
		FD35DA7313CA58C9008DB019 /* FBCodeButtonOff.png in Resources */ = {isa = PBXBuildFile; fileRef = FD35DA7113CA58C9008DB019 /* FBCodeButtonOff.png */; };
		FD35DA7413CA58C9008DB019 /* FBCodeButtonOn.png in Resources */ = {isa = PBXBuildFile; fileRef = FD35DA7213CA58C9008DB019 /* FBCodeButtonOn.png */; };
		FD35DA7813CAA452008DB019 /* FBConfig.m in Sources */ = {isa = PBXBuildFile; fileRef = FD35DA7713CAA452008DB019 /* FBConfig.m */; };
		FD375B8713C879B50061FE83 /* Points.png in Resources */ = {isa = PBXBuildFile; fileRef = FD375B8613C879B50061FE83 /* Points.png */; };
		FD375B8A13C879C00061FE83 /* Coupon.png in Resources */ = {isa = PBXBuildFile; fileRef = FD375B8913C879C00061FE83 /* Coupon.png */; };
		FD375B8C13C879CA0061FE83 /* ShowCode.png in Resources */ = {isa = PBXBuildFile; fileRef = FD375B8B13C879CA0061FE83 /* ShowCode.png */; };
		FD48394D13DCD7BF00EA0397 /* libz.1.2.3.dylib in Frameworks */ = {isa = PBXBuildFile; fileRef = FD48394C13DCD7BF00EA0397 /* libz.1.2.3.dylib */; };
		FD48395013DCD7C600EA0397 /* CFNetwork.framework in Frameworks */ = {isa = PBXBuildFile; fileRef = FD48394F13DCD7C600EA0397 /* CFNetwork.framework */; };
		FD48395213DCD7CD00EA0397 /* SystemConfiguration.framework in Frameworks */ = {isa = PBXBuildFile; fileRef = FD48395113DCD7CD00EA0397 /* SystemConfiguration.framework */; };
		FD48395413DCD7D400EA0397 /* AudioToolbox.framework in Frameworks */ = {isa = PBXBuildFile; fileRef = FD48395313DCD7D400EA0397 /* AudioToolbox.framework */; };
		FD48395613DCD7E900EA0397 /* MobileCoreServices.framework in Frameworks */ = {isa = PBXBuildFile; fileRef = FD48395513DCD7E900EA0397 /* MobileCoreServices.framework */; };
		FD48396D13DCD86000EA0397 /* ASIAuthenticationDialog.m in Sources */ = {isa = PBXBuildFile; fileRef = FD48395A13DCD86000EA0397 /* ASIAuthenticationDialog.m */; };
		FD48396E13DCD86000EA0397 /* ASIDataCompressor.m in Sources */ = {isa = PBXBuildFile; fileRef = FD48395D13DCD86000EA0397 /* ASIDataCompressor.m */; };
		FD48396F13DCD86000EA0397 /* ASIDataDecompressor.m in Sources */ = {isa = PBXBuildFile; fileRef = FD48395F13DCD86000EA0397 /* ASIDataDecompressor.m */; };
		FD48397013DCD86000EA0397 /* ASIDownloadCache.m in Sources */ = {isa = PBXBuildFile; fileRef = FD48396113DCD86000EA0397 /* ASIDownloadCache.m */; };
		FD48397113DCD86000EA0397 /* ASIFormDataRequest.m in Sources */ = {isa = PBXBuildFile; fileRef = FD48396313DCD86000EA0397 /* ASIFormDataRequest.m */; };
		FD48397213DCD86000EA0397 /* ASIHTTPRequest.m in Sources */ = {isa = PBXBuildFile; fileRef = FD48396513DCD86000EA0397 /* ASIHTTPRequest.m */; };
		FD48397313DCD86000EA0397 /* ASIInputStream.m in Sources */ = {isa = PBXBuildFile; fileRef = FD48396913DCD86000EA0397 /* ASIInputStream.m */; };
		FD48397413DCD86000EA0397 /* ASINetworkQueue.m in Sources */ = {isa = PBXBuildFile; fileRef = FD48396B13DCD86000EA0397 /* ASINetworkQueue.m */; };
		FD48397713DCD87900EA0397 /* Reachability.m in Sources */ = {isa = PBXBuildFile; fileRef = FD48397613DCD87900EA0397 /* Reachability.m */; };
		FD577F9813D8D7890043BFB4 /* ButtonAquaGreen.png in Resources */ = {isa = PBXBuildFile; fileRef = FD577F9613D8D7890043BFB4 /* ButtonAquaGreen.png */; };
		FD577F9913D8D7890043BFB4 /* ButtonAquaRed.png in Resources */ = {isa = PBXBuildFile; fileRef = FD577F9713D8D7890043BFB4 /* ButtonAquaRed.png */; };
		FD7DE95213C5DA8B00887511 /* numberBackground.png in Resources */ = {isa = PBXBuildFile; fileRef = FD7DE95113C5DA8B00887511 /* numberBackground.png */; };
		FD7F0E0213C485BF0061548E /* FBStoreManager.m in Sources */ = {isa = PBXBuildFile; fileRef = FD7F0E0113C485BF0061548E /* FBStoreManager.m */; };
		FD7F0E0513C486070061548E /* CoreData.framework in Frameworks */ = {isa = PBXBuildFile; fileRef = FD7F0E0413C486070061548E /* CoreData.framework */; };
		FD8BE2F013E0B83A00CD3F1E /* APCDateUtil.m in Sources */ = {isa = PBXBuildFile; fileRef = FD8BE2EF13E0B83A00CD3F1E /* APCDateUtil.m */; };
		FD8C3B8E141A2B99004D7A5C /* icon.png in Resources */ = {isa = PBXBuildFile; fileRef = FD8C3B8D141A2B99004D7A5C /* icon.png */; };
		FD94BF2213D8527400E373D2 /* BookPoints.xib in Resources */ = {isa = PBXBuildFile; fileRef = FD94BF2113D8527400E373D2 /* BookPoints.xib */; };
		FD94BF2613D8530D00E373D2 /* BookPointsViewController.m in Sources */ = {isa = PBXBuildFile; fileRef = FD94BF2513D8530D00E373D2 /* BookPointsViewController.m */; };
		FD96F41813CA530A00F3591F /* FBCodeButton.m in Sources */ = {isa = PBXBuildFile; fileRef = FD96F41713CA530A00F3591F /* FBCodeButton.m */; };
		FD9EE70013C8287F00FC80D8 /* Background.png in Resources */ = {isa = PBXBuildFile; fileRef = FD9EE6FF13C8287F00FC80D8 /* Background.png */; };
		FD9EE70413C8389400FC80D8 /* APCString.m in Sources */ = {isa = PBXBuildFile; fileRef = FD9EE70313C8389400FC80D8 /* APCString.m */; };
		FD9EE70713C8390F00FC80D8 /* APCArray.m in Sources */ = {isa = PBXBuildFile; fileRef = FD9EE70613C8390F00FC80D8 /* APCArray.m */; };
		FDA0DA821416CFEB00BC526C /* StoreView.xib in Resources */ = {isa = PBXBuildFile; fileRef = FDA0DA811416CFEB00BC526C /* StoreView.xib */; };
		FDA0DA841416D04A00BC526C /* StoreViewCell.xib in Resources */ = {isa = PBXBuildFile; fileRef = FDA0DA831416D04A00BC526C /* StoreViewCell.xib */; };
		FDA0DA8A14182EFC00BC526C /* StoreViewCell.m in Sources */ = {isa = PBXBuildFile; fileRef = FDA0DA8914182EFC00BC526C /* StoreViewCell.m */; };
		FDA0DA8C1418377D00BC526C /* ContactCell.xib in Resources */ = {isa = PBXBuildFile; fileRef = FDA0DA8B1418377D00BC526C /* ContactCell.xib */; };
		FDA0DA8F141839EB00BC526C /* ContactCell.m in Sources */ = {isa = PBXBuildFile; fileRef = FDA0DA8E141839EA00BC526C /* ContactCell.m */; };
		FDA2810613CBA65D00F34014 /* ShowCodeViewModel.m in Sources */ = {isa = PBXBuildFile; fileRef = FDA2810513CBA65C00F34014 /* ShowCodeViewModel.m */; };
		FDA661D513C5660A006F4EE7 /* NSObject+SBJson.m in Sources */ = {isa = PBXBuildFile; fileRef = FDA661BD13C5660A006F4EE7 /* NSObject+SBJson.m */; };
		FDA661D613C5660A006F4EE7 /* SBJsonParser.m in Sources */ = {isa = PBXBuildFile; fileRef = FDA661C013C5660A006F4EE7 /* SBJsonParser.m */; };
		FDA661D713C5660A006F4EE7 /* SBJsonStreamParser.m in Sources */ = {isa = PBXBuildFile; fileRef = FDA661C213C5660A006F4EE7 /* SBJsonStreamParser.m */; };
		FDA661D813C5660A006F4EE7 /* SBJsonStreamParserAccumulator.m in Sources */ = {isa = PBXBuildFile; fileRef = FDA661C413C5660A006F4EE7 /* SBJsonStreamParserAccumulator.m */; };
		FDA661D913C5660A006F4EE7 /* SBJsonStreamParserAdapter.m in Sources */ = {isa = PBXBuildFile; fileRef = FDA661C613C5660A006F4EE7 /* SBJsonStreamParserAdapter.m */; };
		FDA661DA13C5660A006F4EE7 /* SBJsonStreamParserState.m in Sources */ = {isa = PBXBuildFile; fileRef = FDA661C813C5660A006F4EE7 /* SBJsonStreamParserState.m */; };
		FDA661DB13C5660A006F4EE7 /* SBJsonStreamWriter.m in Sources */ = {isa = PBXBuildFile; fileRef = FDA661CA13C5660A006F4EE7 /* SBJsonStreamWriter.m */; };
		FDA661DC13C5660A006F4EE7 /* SBJsonStreamWriterAccumulator.m in Sources */ = {isa = PBXBuildFile; fileRef = FDA661CC13C5660A006F4EE7 /* SBJsonStreamWriterAccumulator.m */; };
		FDA661DD13C5660A006F4EE7 /* SBJsonStreamWriterState.m in Sources */ = {isa = PBXBuildFile; fileRef = FDA661CE13C5660A006F4EE7 /* SBJsonStreamWriterState.m */; };
		FDA661DE13C5660A006F4EE7 /* SBJsonTokeniser.m in Sources */ = {isa = PBXBuildFile; fileRef = FDA661D013C5660A006F4EE7 /* SBJsonTokeniser.m */; };
		FDA661DF13C5660A006F4EE7 /* SBJsonUTF8Stream.m in Sources */ = {isa = PBXBuildFile; fileRef = FDA661D213C5660A006F4EE7 /* SBJsonUTF8Stream.m */; };
		FDA661E013C5660A006F4EE7 /* SBJsonWriter.m in Sources */ = {isa = PBXBuildFile; fileRef = FDA661D413C5660A006F4EE7 /* SBJsonWriter.m */; };
		FDAC7CDF13D5972B0028ABFB /* APCRoundRect.m in Sources */ = {isa = PBXBuildFile; fileRef = FDAC7CDE13D5972A0028ABFB /* APCRoundRect.m */; };
		FDB40E2713C7539E004B549A /* StoreListCell.xib in Resources */ = {isa = PBXBuildFile; fileRef = FDB40E2613C7539E004B549A /* StoreListCell.xib */; };
		FDB40E2A13C75637004B549A /* StoreListCell.m in Sources */ = {isa = PBXBuildFile; fileRef = FDB40E2913C75636004B549A /* StoreListCell.m */; };
		FDB40E2D13C757B7004B549A /* StoreListCellController.m in Sources */ = {isa = PBXBuildFile; fileRef = FDB40E2C13C757B7004B549A /* StoreListCellController.m */; };
		FDC0AEBB13C0F51E00BF8337 /* CouponViewController.m in Sources */ = {isa = PBXBuildFile; fileRef = FDC0AEBA13C0F51E00BF8337 /* CouponViewController.m */; };
		FDC0AEBD13C0F57D00BF8337 /* CouponView.xib in Resources */ = {isa = PBXBuildFile; fileRef = FDC0AEBC13C0F57D00BF8337 /* CouponView.xib */; };
		FDC0AEBF13C0F67900BF8337 /* ShowCodeView.xib in Resources */ = {isa = PBXBuildFile; fileRef = FDC0AEBE13C0F67900BF8337 /* ShowCodeView.xib */; };
		FDC0AEC213C0F69000BF8337 /* ShowCodeViewController.m in Sources */ = {isa = PBXBuildFile; fileRef = FDC0AEC113C0F69000BF8337 /* ShowCodeViewController.m */; };
		FDC0AEC613C0F70500BF8337 /* StoreListView.xib in Resources */ = {isa = PBXBuildFile; fileRef = FDC0AEC513C0F70500BF8337 /* StoreListView.xib */; };
		FDC0AEC913C0F71900BF8337 /* StoreListViewController.m in Sources */ = {isa = PBXBuildFile; fileRef = FDC0AEC813C0F71900BF8337 /* StoreListViewController.m */; };
		FDD22EF213E01F9D0048D284 /* SenTestingKit.framework in Frameworks */ = {isa = PBXBuildFile; fileRef = FDD22EF113E01F9D0048D284 /* SenTestingKit.framework */; };
/* End PBXBuildFile section */

/* Begin PBXContainerItemProxy section */
		FD283EC113C02AED00FC57EE /* PBXContainerItemProxy */ = {
			isa = PBXContainerItemProxy;
			containerPortal = FD283E8A13C02AED00FC57EE /* Project object */;
			proxyType = 1;
			remoteGlobalIDString = FD283E9213C02AED00FC57EE;
			remoteInfo = FooBar;
		};
/* End PBXContainerItemProxy section */

/* Begin PBXFileReference section */
		FD283E9313C02AED00FC57EE /* foobar.app */ = {isa = PBXFileReference; explicitFileType = wrapper.application; includeInIndex = 0; path = foobar.app; sourceTree = BUILT_PRODUCTS_DIR; };
		FD283E9713C02AED00FC57EE /* UIKit.framework */ = {isa = PBXFileReference; lastKnownFileType = wrapper.framework; name = UIKit.framework; path = System/Library/Frameworks/UIKit.framework; sourceTree = SDKROOT; };
		FD283E9913C02AED00FC57EE /* Foundation.framework */ = {isa = PBXFileReference; lastKnownFileType = wrapper.framework; name = Foundation.framework; path = System/Library/Frameworks/Foundation.framework; sourceTree = SDKROOT; };
		FD283E9B13C02AED00FC57EE /* CoreGraphics.framework */ = {isa = PBXFileReference; lastKnownFileType = wrapper.framework; name = CoreGraphics.framework; path = System/Library/Frameworks/CoreGraphics.framework; sourceTree = SDKROOT; };
		FD283E9F13C02AED00FC57EE /* FooBar-Info.plist */ = {isa = PBXFileReference; lastKnownFileType = text.plist.xml; path = "FooBar-Info.plist"; sourceTree = "<group>"; };
		FD283EA113C02AED00FC57EE /* en */ = {isa = PBXFileReference; lastKnownFileType = text.plist.strings; name = en; path = en.lproj/InfoPlist.strings; sourceTree = "<group>"; };
		FD283EA313C02AED00FC57EE /* FooBar-Prefix.pch */ = {isa = PBXFileReference; lastKnownFileType = sourcecode.c.h; path = "FooBar-Prefix.pch"; sourceTree = "<group>"; };
		FD283EA413C02AED00FC57EE /* main.m */ = {isa = PBXFileReference; lastKnownFileType = sourcecode.c.objc; path = main.m; sourceTree = "<group>"; };
		FD283EA613C02AED00FC57EE /* FooBarAppDelegate.h */ = {isa = PBXFileReference; lastKnownFileType = sourcecode.c.h; path = FooBarAppDelegate.h; sourceTree = "<group>"; };
		FD283EA713C02AED00FC57EE /* FooBarAppDelegate.m */ = {isa = PBXFileReference; lastKnownFileType = sourcecode.c.objc; path = FooBarAppDelegate.m; sourceTree = "<group>"; };
		FD283EAA13C02AED00FC57EE /* en */ = {isa = PBXFileReference; lastKnownFileType = file.xib; name = en; path = en.lproj/MainWindow.xib; sourceTree = "<group>"; };
		FD283EBD13C02AED00FC57EE /* FooBarTests.octest */ = {isa = PBXFileReference; explicitFileType = wrapper.cfbundle; includeInIndex = 0; path = FooBarTests.octest; sourceTree = BUILT_PRODUCTS_DIR; };
		FD283EC513C02AED00FC57EE /* FooBarTests-Info.plist */ = {isa = PBXFileReference; lastKnownFileType = text.plist.xml; path = "FooBarTests-Info.plist"; sourceTree = "<group>"; };
		FD283EC713C02AED00FC57EE /* en */ = {isa = PBXFileReference; lastKnownFileType = text.plist.strings; name = en; path = en.lproj/InfoPlist.strings; sourceTree = "<group>"; };
		FD283EC913C02AED00FC57EE /* FooBarTests-Prefix.pch */ = {isa = PBXFileReference; lastKnownFileType = sourcecode.c.h; path = "FooBarTests-Prefix.pch"; sourceTree = "<group>"; };
		FD283ED713C02B2F00FC57EE /* FooBarData.xcdatamodel */ = {isa = PBXFileReference; lastKnownFileType = wrapper.xcdatamodel; path = FooBarData.xcdatamodel; sourceTree = "<group>"; };
		FD2BF609141CE4CB00E6E6E5 /* FooBarTests.h */ = {isa = PBXFileReference; fileEncoding = 4; lastKnownFileType = sourcecode.c.h; path = FooBarTests.h; sourceTree = "<group>"; };
		FD2BF60A141CE4CB00E6E6E5 /* FooBarTests.m */ = {isa = PBXFileReference; fileEncoding = 4; lastKnownFileType = sourcecode.c.objc; path = FooBarTests.m; sourceTree = "<group>"; };
		FD2BF611141CF45D00E6E6E5 /* FBStore.h */ = {isa = PBXFileReference; fileEncoding = 4; lastKnownFileType = sourcecode.c.h; path = FBStore.h; sourceTree = "<group>"; };
		FD2BF612141CF45D00E6E6E5 /* FBStore.m */ = {isa = PBXFileReference; fileEncoding = 4; lastKnownFileType = sourcecode.c.objc; path = FBStore.m; sourceTree = "<group>"; };
		FD3092CB1415153A0051FCD9 /* FBStoreExt.h */ = {isa = PBXFileReference; fileEncoding = 4; lastKnownFileType = sourcecode.c.h; path = FBStoreExt.h; sourceTree = "<group>"; };
		FD3092CC1415153A0051FCD9 /* FBStoreExt.m */ = {isa = PBXFileReference; fileEncoding = 4; lastKnownFileType = sourcecode.c.objc; path = FBStoreExt.m; sourceTree = "<group>"; };
		FD3092DE14151A100051FCD9 /* StoreViewController.h */ = {isa = PBXFileReference; fileEncoding = 4; lastKnownFileType = sourcecode.c.h; path = StoreViewController.h; sourceTree = "<group>"; };
		FD3092DF14151A100051FCD9 /* StoreViewController.m */ = {isa = PBXFileReference; fileEncoding = 4; lastKnownFileType = sourcecode.c.objc; path = StoreViewController.m; sourceTree = "<group>"; };
		FD35DA7113CA58C9008DB019 /* FBCodeButtonOff.png */ = {isa = PBXFileReference; lastKnownFileType = image.png; path = FBCodeButtonOff.png; sourceTree = "<group>"; };
		FD35DA7213CA58C9008DB019 /* FBCodeButtonOn.png */ = {isa = PBXFileReference; lastKnownFileType = image.png; path = FBCodeButtonOn.png; sourceTree = "<group>"; };
		FD35DA7613CAA452008DB019 /* FBConfig.h */ = {isa = PBXFileReference; fileEncoding = 4; lastKnownFileType = sourcecode.c.h; path = FBConfig.h; sourceTree = "<group>"; };
		FD35DA7713CAA452008DB019 /* FBConfig.m */ = {isa = PBXFileReference; fileEncoding = 4; lastKnownFileType = sourcecode.c.objc; path = FBConfig.m; sourceTree = "<group>"; };
		FD375B8613C879B50061FE83 /* Points.png */ = {isa = PBXFileReference; lastKnownFileType = image.png; path = Points.png; sourceTree = "<group>"; };
		FD375B8913C879C00061FE83 /* Coupon.png */ = {isa = PBXFileReference; lastKnownFileType = image.png; path = Coupon.png; sourceTree = "<group>"; };
		FD375B8B13C879CA0061FE83 /* ShowCode.png */ = {isa = PBXFileReference; lastKnownFileType = image.png; path = ShowCode.png; sourceTree = "<group>"; };
		FD48394C13DCD7BF00EA0397 /* libz.1.2.3.dylib */ = {isa = PBXFileReference; lastKnownFileType = "compiled.mach-o.dylib"; name = libz.1.2.3.dylib; path = usr/lib/libz.1.2.3.dylib; sourceTree = SDKROOT; };
		FD48394F13DCD7C600EA0397 /* CFNetwork.framework */ = {isa = PBXFileReference; lastKnownFileType = wrapper.framework; name = CFNetwork.framework; path = System/Library/Frameworks/CFNetwork.framework; sourceTree = SDKROOT; };
		FD48395113DCD7CD00EA0397 /* SystemConfiguration.framework */ = {isa = PBXFileReference; lastKnownFileType = wrapper.framework; name = SystemConfiguration.framework; path = System/Library/Frameworks/SystemConfiguration.framework; sourceTree = SDKROOT; };
		FD48395313DCD7D400EA0397 /* AudioToolbox.framework */ = {isa = PBXFileReference; lastKnownFileType = wrapper.framework; name = AudioToolbox.framework; path = System/Library/Frameworks/AudioToolbox.framework; sourceTree = SDKROOT; };
		FD48395513DCD7E900EA0397 /* MobileCoreServices.framework */ = {isa = PBXFileReference; lastKnownFileType = wrapper.framework; name = MobileCoreServices.framework; path = System/Library/Frameworks/MobileCoreServices.framework; sourceTree = SDKROOT; };
		FD48395913DCD86000EA0397 /* ASIAuthenticationDialog.h */ = {isa = PBXFileReference; fileEncoding = 4; lastKnownFileType = sourcecode.c.h; name = ASIAuthenticationDialog.h; path = "../../../work/pokeb-asi-http-request-404bbfe/Classes/ASIAuthenticationDialog.h"; sourceTree = "<group>"; };
		FD48395A13DCD86000EA0397 /* ASIAuthenticationDialog.m */ = {isa = PBXFileReference; fileEncoding = 4; lastKnownFileType = sourcecode.c.objc; name = ASIAuthenticationDialog.m; path = "../../../work/pokeb-asi-http-request-404bbfe/Classes/ASIAuthenticationDialog.m"; sourceTree = "<group>"; };
		FD48395B13DCD86000EA0397 /* ASICacheDelegate.h */ = {isa = PBXFileReference; fileEncoding = 4; lastKnownFileType = sourcecode.c.h; name = ASICacheDelegate.h; path = "../../../work/pokeb-asi-http-request-404bbfe/Classes/ASICacheDelegate.h"; sourceTree = "<group>"; };
		FD48395C13DCD86000EA0397 /* ASIDataCompressor.h */ = {isa = PBXFileReference; fileEncoding = 4; lastKnownFileType = sourcecode.c.h; name = ASIDataCompressor.h; path = "../../../work/pokeb-asi-http-request-404bbfe/Classes/ASIDataCompressor.h"; sourceTree = "<group>"; };
		FD48395D13DCD86000EA0397 /* ASIDataCompressor.m */ = {isa = PBXFileReference; fileEncoding = 4; lastKnownFileType = sourcecode.c.objc; name = ASIDataCompressor.m; path = "../../../work/pokeb-asi-http-request-404bbfe/Classes/ASIDataCompressor.m"; sourceTree = "<group>"; };
		FD48395E13DCD86000EA0397 /* ASIDataDecompressor.h */ = {isa = PBXFileReference; fileEncoding = 4; lastKnownFileType = sourcecode.c.h; name = ASIDataDecompressor.h; path = "../../../work/pokeb-asi-http-request-404bbfe/Classes/ASIDataDecompressor.h"; sourceTree = "<group>"; };
		FD48395F13DCD86000EA0397 /* ASIDataDecompressor.m */ = {isa = PBXFileReference; fileEncoding = 4; lastKnownFileType = sourcecode.c.objc; name = ASIDataDecompressor.m; path = "../../../work/pokeb-asi-http-request-404bbfe/Classes/ASIDataDecompressor.m"; sourceTree = "<group>"; };
		FD48396013DCD86000EA0397 /* ASIDownloadCache.h */ = {isa = PBXFileReference; fileEncoding = 4; lastKnownFileType = sourcecode.c.h; name = ASIDownloadCache.h; path = "../../../work/pokeb-asi-http-request-404bbfe/Classes/ASIDownloadCache.h"; sourceTree = "<group>"; };
		FD48396113DCD86000EA0397 /* ASIDownloadCache.m */ = {isa = PBXFileReference; fileEncoding = 4; lastKnownFileType = sourcecode.c.objc; name = ASIDownloadCache.m; path = "../../../work/pokeb-asi-http-request-404bbfe/Classes/ASIDownloadCache.m"; sourceTree = "<group>"; };
		FD48396213DCD86000EA0397 /* ASIFormDataRequest.h */ = {isa = PBXFileReference; fileEncoding = 4; lastKnownFileType = sourcecode.c.h; name = ASIFormDataRequest.h; path = "../../../work/pokeb-asi-http-request-404bbfe/Classes/ASIFormDataRequest.h"; sourceTree = "<group>"; };
		FD48396313DCD86000EA0397 /* ASIFormDataRequest.m */ = {isa = PBXFileReference; fileEncoding = 4; lastKnownFileType = sourcecode.c.objc; name = ASIFormDataRequest.m; path = "../../../work/pokeb-asi-http-request-404bbfe/Classes/ASIFormDataRequest.m"; sourceTree = "<group>"; };
		FD48396413DCD86000EA0397 /* ASIHTTPRequest.h */ = {isa = PBXFileReference; fileEncoding = 4; lastKnownFileType = sourcecode.c.h; name = ASIHTTPRequest.h; path = "../../../work/pokeb-asi-http-request-404bbfe/Classes/ASIHTTPRequest.h"; sourceTree = "<group>"; };
		FD48396513DCD86000EA0397 /* ASIHTTPRequest.m */ = {isa = PBXFileReference; fileEncoding = 4; lastKnownFileType = sourcecode.c.objc; name = ASIHTTPRequest.m; path = "../../../work/pokeb-asi-http-request-404bbfe/Classes/ASIHTTPRequest.m"; sourceTree = "<group>"; };
		FD48396613DCD86000EA0397 /* ASIHTTPRequestConfig.h */ = {isa = PBXFileReference; fileEncoding = 4; lastKnownFileType = sourcecode.c.h; name = ASIHTTPRequestConfig.h; path = "../../../work/pokeb-asi-http-request-404bbfe/Classes/ASIHTTPRequestConfig.h"; sourceTree = "<group>"; };
		FD48396713DCD86000EA0397 /* ASIHTTPRequestDelegate.h */ = {isa = PBXFileReference; fileEncoding = 4; lastKnownFileType = sourcecode.c.h; name = ASIHTTPRequestDelegate.h; path = "../../../work/pokeb-asi-http-request-404bbfe/Classes/ASIHTTPRequestDelegate.h"; sourceTree = "<group>"; };
		FD48396813DCD86000EA0397 /* ASIInputStream.h */ = {isa = PBXFileReference; fileEncoding = 4; lastKnownFileType = sourcecode.c.h; name = ASIInputStream.h; path = "../../../work/pokeb-asi-http-request-404bbfe/Classes/ASIInputStream.h"; sourceTree = "<group>"; };
		FD48396913DCD86000EA0397 /* ASIInputStream.m */ = {isa = PBXFileReference; fileEncoding = 4; lastKnownFileType = sourcecode.c.objc; name = ASIInputStream.m; path = "../../../work/pokeb-asi-http-request-404bbfe/Classes/ASIInputStream.m"; sourceTree = "<group>"; };
		FD48396A13DCD86000EA0397 /* ASINetworkQueue.h */ = {isa = PBXFileReference; fileEncoding = 4; lastKnownFileType = sourcecode.c.h; name = ASINetworkQueue.h; path = "../../../work/pokeb-asi-http-request-404bbfe/Classes/ASINetworkQueue.h"; sourceTree = "<group>"; };
		FD48396B13DCD86000EA0397 /* ASINetworkQueue.m */ = {isa = PBXFileReference; fileEncoding = 4; lastKnownFileType = sourcecode.c.objc; name = ASINetworkQueue.m; path = "../../../work/pokeb-asi-http-request-404bbfe/Classes/ASINetworkQueue.m"; sourceTree = "<group>"; };
		FD48396C13DCD86000EA0397 /* ASIProgressDelegate.h */ = {isa = PBXFileReference; fileEncoding = 4; lastKnownFileType = sourcecode.c.h; name = ASIProgressDelegate.h; path = "../../../work/pokeb-asi-http-request-404bbfe/Classes/ASIProgressDelegate.h"; sourceTree = "<group>"; };
		FD48397513DCD87900EA0397 /* Reachability.h */ = {isa = PBXFileReference; fileEncoding = 4; lastKnownFileType = sourcecode.c.h; name = Reachability.h; path = "../../../work/pokeb-asi-http-request-404bbfe/External/Reachability/Reachability.h"; sourceTree = "<group>"; };
		FD48397613DCD87900EA0397 /* Reachability.m */ = {isa = PBXFileReference; fileEncoding = 4; lastKnownFileType = sourcecode.c.objc; name = Reachability.m; path = "../../../work/pokeb-asi-http-request-404bbfe/External/Reachability/Reachability.m"; sourceTree = "<group>"; };
		FD577F9613D8D7890043BFB4 /* ButtonAquaGreen.png */ = {isa = PBXFileReference; lastKnownFileType = image.png; path = ButtonAquaGreen.png; sourceTree = "<group>"; };
		FD577F9713D8D7890043BFB4 /* ButtonAquaRed.png */ = {isa = PBXFileReference; lastKnownFileType = image.png; path = ButtonAquaRed.png; sourceTree = "<group>"; };
		FD7DE95113C5DA8B00887511 /* numberBackground.png */ = {isa = PBXFileReference; lastKnownFileType = image.png; path = numberBackground.png; sourceTree = "<group>"; };
		FD7F0E0013C485BF0061548E /* FBStoreManager.h */ = {isa = PBXFileReference; fileEncoding = 4; lastKnownFileType = sourcecode.c.h; name = FBStoreManager.h; path = FooBar/FBStoreManager.h; sourceTree = "<group>"; };
		FD7F0E0113C485BF0061548E /* FBStoreManager.m */ = {isa = PBXFileReference; fileEncoding = 4; lastKnownFileType = sourcecode.c.objc; name = FBStoreManager.m; path = FooBar/FBStoreManager.m; sourceTree = "<group>"; };
		FD7F0E0413C486070061548E /* CoreData.framework */ = {isa = PBXFileReference; lastKnownFileType = wrapper.framework; name = CoreData.framework; path = System/Library/Frameworks/CoreData.framework; sourceTree = SDKROOT; };
		FD8BE2EE13E0B83A00CD3F1E /* APCDateUtil.h */ = {isa = PBXFileReference; fileEncoding = 4; lastKnownFileType = sourcecode.c.h; path = APCDateUtil.h; sourceTree = "<group>"; };
		FD8BE2EF13E0B83A00CD3F1E /* APCDateUtil.m */ = {isa = PBXFileReference; fileEncoding = 4; lastKnownFileType = sourcecode.c.objc; path = APCDateUtil.m; sourceTree = "<group>"; };
		FD8C3B8D141A2B99004D7A5C /* icon.png */ = {isa = PBXFileReference; lastKnownFileType = image.png; name = icon.png; path = Images/icon.png; sourceTree = SOURCE_ROOT; };
		FD94BF2113D8527400E373D2 /* BookPoints.xib */ = {isa = PBXFileReference; fileEncoding = 4; lastKnownFileType = file.xib; path = BookPoints.xib; sourceTree = "<group>"; };
		FD94BF2413D8530D00E373D2 /* BookPointsViewController.h */ = {isa = PBXFileReference; fileEncoding = 4; lastKnownFileType = sourcecode.c.h; path = BookPointsViewController.h; sourceTree = "<group>"; };
		FD94BF2513D8530D00E373D2 /* BookPointsViewController.m */ = {isa = PBXFileReference; fileEncoding = 4; lastKnownFileType = sourcecode.c.objc; path = BookPointsViewController.m; sourceTree = "<group>"; };
		FD96F41613CA530A00F3591F /* FBCodeButton.h */ = {isa = PBXFileReference; fileEncoding = 4; lastKnownFileType = sourcecode.c.h; path = FBCodeButton.h; sourceTree = "<group>"; };
		FD96F41713CA530A00F3591F /* FBCodeButton.m */ = {isa = PBXFileReference; fileEncoding = 4; lastKnownFileType = sourcecode.c.objc; path = FBCodeButton.m; sourceTree = "<group>"; };
		FD9EE6FF13C8287F00FC80D8 /* Background.png */ = {isa = PBXFileReference; lastKnownFileType = image.png; path = Background.png; sourceTree = "<group>"; };
		FD9EE70213C8389400FC80D8 /* APCString.h */ = {isa = PBXFileReference; fileEncoding = 4; lastKnownFileType = sourcecode.c.h; path = APCString.h; sourceTree = "<group>"; };
		FD9EE70313C8389400FC80D8 /* APCString.m */ = {isa = PBXFileReference; fileEncoding = 4; lastKnownFileType = sourcecode.c.objc; path = APCString.m; sourceTree = "<group>"; };
		FD9EE70513C8390F00FC80D8 /* APCArray.h */ = {isa = PBXFileReference; fileEncoding = 4; lastKnownFileType = sourcecode.c.h; path = APCArray.h; sourceTree = "<group>"; };
		FD9EE70613C8390F00FC80D8 /* APCArray.m */ = {isa = PBXFileReference; fileEncoding = 4; lastKnownFileType = sourcecode.c.objc; path = APCArray.m; sourceTree = "<group>"; };
		FDA0DA811416CFEB00BC526C /* StoreView.xib */ = {isa = PBXFileReference; fileEncoding = 4; lastKnownFileType = file.xib; path = StoreView.xib; sourceTree = "<group>"; };
		FDA0DA831416D04A00BC526C /* StoreViewCell.xib */ = {isa = PBXFileReference; fileEncoding = 4; lastKnownFileType = file.xib; path = StoreViewCell.xib; sourceTree = "<group>"; };
		FDA0DA8814182EFC00BC526C /* StoreViewCell.h */ = {isa = PBXFileReference; fileEncoding = 4; lastKnownFileType = sourcecode.c.h; path = StoreViewCell.h; sourceTree = "<group>"; };
		FDA0DA8914182EFC00BC526C /* StoreViewCell.m */ = {isa = PBXFileReference; fileEncoding = 4; lastKnownFileType = sourcecode.c.objc; path = StoreViewCell.m; sourceTree = "<group>"; };
		FDA0DA8B1418377D00BC526C /* ContactCell.xib */ = {isa = PBXFileReference; fileEncoding = 4; lastKnownFileType = file.xib; path = ContactCell.xib; sourceTree = "<group>"; };
		FDA0DA8D141839EA00BC526C /* ContactCell.h */ = {isa = PBXFileReference; fileEncoding = 4; lastKnownFileType = sourcecode.c.h; path = ContactCell.h; sourceTree = "<group>"; };
		FDA0DA8E141839EA00BC526C /* ContactCell.m */ = {isa = PBXFileReference; fileEncoding = 4; lastKnownFileType = sourcecode.c.objc; path = ContactCell.m; sourceTree = "<group>"; };
		FDA2810413CBA65C00F34014 /* ShowCodeViewModel.h */ = {isa = PBXFileReference; fileEncoding = 4; lastKnownFileType = sourcecode.c.h; path = ShowCodeViewModel.h; sourceTree = "<group>"; };
		FDA2810513CBA65C00F34014 /* ShowCodeViewModel.m */ = {isa = PBXFileReference; fileEncoding = 4; lastKnownFileType = sourcecode.c.objc; path = ShowCodeViewModel.m; sourceTree = "<group>"; };
		FDA661BC13C5660A006F4EE7 /* NSObject+SBJson.h */ = {isa = PBXFileReference; fileEncoding = 4; lastKnownFileType = sourcecode.c.h; path = "NSObject+SBJson.h"; sourceTree = "<group>"; };
		FDA661BD13C5660A006F4EE7 /* NSObject+SBJson.m */ = {isa = PBXFileReference; fileEncoding = 4; lastKnownFileType = sourcecode.c.objc; path = "NSObject+SBJson.m"; sourceTree = "<group>"; };
		FDA661BE13C5660A006F4EE7 /* SBJson.h */ = {isa = PBXFileReference; fileEncoding = 4; lastKnownFileType = sourcecode.c.h; path = SBJson.h; sourceTree = "<group>"; };
		FDA661BF13C5660A006F4EE7 /* SBJsonParser.h */ = {isa = PBXFileReference; fileEncoding = 4; lastKnownFileType = sourcecode.c.h; path = SBJsonParser.h; sourceTree = "<group>"; };
		FDA661C013C5660A006F4EE7 /* SBJsonParser.m */ = {isa = PBXFileReference; fileEncoding = 4; lastKnownFileType = sourcecode.c.objc; path = SBJsonParser.m; sourceTree = "<group>"; };
		FDA661C113C5660A006F4EE7 /* SBJsonStreamParser.h */ = {isa = PBXFileReference; fileEncoding = 4; lastKnownFileType = sourcecode.c.h; path = SBJsonStreamParser.h; sourceTree = "<group>"; };
		FDA661C213C5660A006F4EE7 /* SBJsonStreamParser.m */ = {isa = PBXFileReference; fileEncoding = 4; lastKnownFileType = sourcecode.c.objc; path = SBJsonStreamParser.m; sourceTree = "<group>"; };
		FDA661C313C5660A006F4EE7 /* SBJsonStreamParserAccumulator.h */ = {isa = PBXFileReference; fileEncoding = 4; lastKnownFileType = sourcecode.c.h; path = SBJsonStreamParserAccumulator.h; sourceTree = "<group>"; };
		FDA661C413C5660A006F4EE7 /* SBJsonStreamParserAccumulator.m */ = {isa = PBXFileReference; fileEncoding = 4; lastKnownFileType = sourcecode.c.objc; path = SBJsonStreamParserAccumulator.m; sourceTree = "<group>"; };
		FDA661C513C5660A006F4EE7 /* SBJsonStreamParserAdapter.h */ = {isa = PBXFileReference; fileEncoding = 4; lastKnownFileType = sourcecode.c.h; path = SBJsonStreamParserAdapter.h; sourceTree = "<group>"; };
		FDA661C613C5660A006F4EE7 /* SBJsonStreamParserAdapter.m */ = {isa = PBXFileReference; fileEncoding = 4; lastKnownFileType = sourcecode.c.objc; path = SBJsonStreamParserAdapter.m; sourceTree = "<group>"; };
		FDA661C713C5660A006F4EE7 /* SBJsonStreamParserState.h */ = {isa = PBXFileReference; fileEncoding = 4; lastKnownFileType = sourcecode.c.h; path = SBJsonStreamParserState.h; sourceTree = "<group>"; };
		FDA661C813C5660A006F4EE7 /* SBJsonStreamParserState.m */ = {isa = PBXFileReference; fileEncoding = 4; lastKnownFileType = sourcecode.c.objc; path = SBJsonStreamParserState.m; sourceTree = "<group>"; };
		FDA661C913C5660A006F4EE7 /* SBJsonStreamWriter.h */ = {isa = PBXFileReference; fileEncoding = 4; lastKnownFileType = sourcecode.c.h; path = SBJsonStreamWriter.h; sourceTree = "<group>"; };
		FDA661CA13C5660A006F4EE7 /* SBJsonStreamWriter.m */ = {isa = PBXFileReference; fileEncoding = 4; lastKnownFileType = sourcecode.c.objc; path = SBJsonStreamWriter.m; sourceTree = "<group>"; };
		FDA661CB13C5660A006F4EE7 /* SBJsonStreamWriterAccumulator.h */ = {isa = PBXFileReference; fileEncoding = 4; lastKnownFileType = sourcecode.c.h; path = SBJsonStreamWriterAccumulator.h; sourceTree = "<group>"; };
		FDA661CC13C5660A006F4EE7 /* SBJsonStreamWriterAccumulator.m */ = {isa = PBXFileReference; fileEncoding = 4; lastKnownFileType = sourcecode.c.objc; path = SBJsonStreamWriterAccumulator.m; sourceTree = "<group>"; };
		FDA661CD13C5660A006F4EE7 /* SBJsonStreamWriterState.h */ = {isa = PBXFileReference; fileEncoding = 4; lastKnownFileType = sourcecode.c.h; path = SBJsonStreamWriterState.h; sourceTree = "<group>"; };
		FDA661CE13C5660A006F4EE7 /* SBJsonStreamWriterState.m */ = {isa = PBXFileReference; fileEncoding = 4; lastKnownFileType = sourcecode.c.objc; path = SBJsonStreamWriterState.m; sourceTree = "<group>"; };
		FDA661CF13C5660A006F4EE7 /* SBJsonTokeniser.h */ = {isa = PBXFileReference; fileEncoding = 4; lastKnownFileType = sourcecode.c.h; path = SBJsonTokeniser.h; sourceTree = "<group>"; };
		FDA661D013C5660A006F4EE7 /* SBJsonTokeniser.m */ = {isa = PBXFileReference; fileEncoding = 4; lastKnownFileType = sourcecode.c.objc; path = SBJsonTokeniser.m; sourceTree = "<group>"; };
		FDA661D113C5660A006F4EE7 /* SBJsonUTF8Stream.h */ = {isa = PBXFileReference; fileEncoding = 4; lastKnownFileType = sourcecode.c.h; path = SBJsonUTF8Stream.h; sourceTree = "<group>"; };
		FDA661D213C5660A006F4EE7 /* SBJsonUTF8Stream.m */ = {isa = PBXFileReference; fileEncoding = 4; lastKnownFileType = sourcecode.c.objc; path = SBJsonUTF8Stream.m; sourceTree = "<group>"; };
		FDA661D313C5660A006F4EE7 /* SBJsonWriter.h */ = {isa = PBXFileReference; fileEncoding = 4; lastKnownFileType = sourcecode.c.h; path = SBJsonWriter.h; sourceTree = "<group>"; };
		FDA661D413C5660A006F4EE7 /* SBJsonWriter.m */ = {isa = PBXFileReference; fileEncoding = 4; lastKnownFileType = sourcecode.c.objc; path = SBJsonWriter.m; sourceTree = "<group>"; };
		FDAC7CDD13D5972A0028ABFB /* APCRoundRect.h */ = {isa = PBXFileReference; fileEncoding = 4; lastKnownFileType = sourcecode.c.h; path = APCRoundRect.h; sourceTree = "<group>"; };
		FDAC7CDE13D5972A0028ABFB /* APCRoundRect.m */ = {isa = PBXFileReference; fileEncoding = 4; lastKnownFileType = sourcecode.c.objc; path = APCRoundRect.m; sourceTree = "<group>"; };
		FDB40E2613C7539E004B549A /* StoreListCell.xib */ = {isa = PBXFileReference; fileEncoding = 4; lastKnownFileType = file.xib; path = StoreListCell.xib; sourceTree = "<group>"; };
		FDB40E2813C75636004B549A /* StoreListCell.h */ = {isa = PBXFileReference; fileEncoding = 4; lastKnownFileType = sourcecode.c.h; path = StoreListCell.h; sourceTree = "<group>"; };
		FDB40E2913C75636004B549A /* StoreListCell.m */ = {isa = PBXFileReference; fileEncoding = 4; lastKnownFileType = sourcecode.c.objc; path = StoreListCell.m; sourceTree = "<group>"; };
		FDB40E2B13C757B6004B549A /* StoreListCellController.h */ = {isa = PBXFileReference; fileEncoding = 4; lastKnownFileType = sourcecode.c.h; path = StoreListCellController.h; sourceTree = "<group>"; };
		FDB40E2C13C757B7004B549A /* StoreListCellController.m */ = {isa = PBXFileReference; fileEncoding = 4; lastKnownFileType = sourcecode.c.objc; path = StoreListCellController.m; sourceTree = "<group>"; };
		FDC0AEB913C0F51E00BF8337 /* CouponViewController.h */ = {isa = PBXFileReference; fileEncoding = 4; lastKnownFileType = sourcecode.c.h; path = CouponViewController.h; sourceTree = "<group>"; };
		FDC0AEBA13C0F51E00BF8337 /* CouponViewController.m */ = {isa = PBXFileReference; fileEncoding = 4; lastKnownFileType = sourcecode.c.objc; path = CouponViewController.m; sourceTree = "<group>"; };
		FDC0AEBC13C0F57D00BF8337 /* CouponView.xib */ = {isa = PBXFileReference; fileEncoding = 4; lastKnownFileType = file.xib; path = CouponView.xib; sourceTree = "<group>"; };
		FDC0AEBE13C0F67900BF8337 /* ShowCodeView.xib */ = {isa = PBXFileReference; fileEncoding = 4; lastKnownFileType = file.xib; path = ShowCodeView.xib; sourceTree = "<group>"; };
		FDC0AEC013C0F69000BF8337 /* ShowCodeViewController.h */ = {isa = PBXFileReference; fileEncoding = 4; lastKnownFileType = sourcecode.c.h; path = ShowCodeViewController.h; sourceTree = "<group>"; };
		FDC0AEC113C0F69000BF8337 /* ShowCodeViewController.m */ = {isa = PBXFileReference; fileEncoding = 4; lastKnownFileType = sourcecode.c.objc; path = ShowCodeViewController.m; sourceTree = "<group>"; };
		FDC0AEC513C0F70500BF8337 /* StoreListView.xib */ = {isa = PBXFileReference; fileEncoding = 4; lastKnownFileType = file.xib; path = StoreListView.xib; sourceTree = "<group>"; };
		FDC0AEC713C0F71900BF8337 /* StoreListViewController.h */ = {isa = PBXFileReference; fileEncoding = 4; lastKnownFileType = sourcecode.c.h; path = StoreListViewController.h; sourceTree = "<group>"; };
		FDC0AEC813C0F71900BF8337 /* StoreListViewController.m */ = {isa = PBXFileReference; fileEncoding = 4; lastKnownFileType = sourcecode.c.objc; path = StoreListViewController.m; sourceTree = "<group>"; };
		FDD22EF113E01F9D0048D284 /* SenTestingKit.framework */ = {isa = PBXFileReference; lastKnownFileType = wrapper.framework; name = SenTestingKit.framework; path = Platforms/iPhoneSimulator.platform/Developer/SDKs/iPhoneSimulator4.3.sdk/Developer/Library/Frameworks/SenTestingKit.framework; sourceTree = DEVELOPER_DIR; };
/* End PBXFileReference section */

/* Begin PBXFrameworksBuildPhase section */
		FD283E9013C02AED00FC57EE /* Frameworks */ = {
			isa = PBXFrameworksBuildPhase;
			buildActionMask = 2147483647;
			files = (
				FD48395613DCD7E900EA0397 /* MobileCoreServices.framework in Frameworks */,
				FD48395413DCD7D400EA0397 /* AudioToolbox.framework in Frameworks */,
				FD48395213DCD7CD00EA0397 /* SystemConfiguration.framework in Frameworks */,
				FD48395013DCD7C600EA0397 /* CFNetwork.framework in Frameworks */,
				FD48394D13DCD7BF00EA0397 /* libz.1.2.3.dylib in Frameworks */,
				FD283E9813C02AED00FC57EE /* UIKit.framework in Frameworks */,
				FD283E9A13C02AED00FC57EE /* Foundation.framework in Frameworks */,
				FD283E9C13C02AED00FC57EE /* CoreGraphics.framework in Frameworks */,
				FD7F0E0513C486070061548E /* CoreData.framework in Frameworks */,
			);
			runOnlyForDeploymentPostprocessing = 0;
		};
		FD283EB913C02AED00FC57EE /* Frameworks */ = {
			isa = PBXFrameworksBuildPhase;
			buildActionMask = 2147483647;
			files = (
				FDD22EF213E01F9D0048D284 /* SenTestingKit.framework in Frameworks */,
				FD283EBE13C02AED00FC57EE /* UIKit.framework in Frameworks */,
				FD283EBF13C02AED00FC57EE /* Foundation.framework in Frameworks */,
				FD283EC013C02AED00FC57EE /* CoreGraphics.framework in Frameworks */,
			);
			runOnlyForDeploymentPostprocessing = 0;
		};
/* End PBXFrameworksBuildPhase section */

/* Begin PBXGroup section */
		FD283E8813C02AED00FC57EE = {
			isa = PBXGroup;
			children = (
				FD283E9E13C02AED00FC57EE /* Supporting Files */,
				FDA661BB13C565ED006F4EE7 /* Classes */,
				FD7F0E0313C485D50061548E /* Model */,
				FD283ED913C0812E00FC57EE /* Resources */,
				FD283E9D13C02AED00FC57EE /* FooBar */,
				FD283EC313C02AED00FC57EE /* FooBarTests */,
				FD283E9613C02AED00FC57EE /* Frameworks */,
				FD283E9413C02AED00FC57EE /* Products */,
			);
			sourceTree = "<group>";
		};
		FD283E9413C02AED00FC57EE /* Products */ = {
			isa = PBXGroup;
			children = (
				FD283E9313C02AED00FC57EE /* foobar.app */,
				FD283EBD13C02AED00FC57EE /* FooBarTests.octest */,
			);
			name = Products;
			sourceTree = "<group>";
		};
		FD283E9613C02AED00FC57EE /* Frameworks */ = {
			isa = PBXGroup;
			children = (
				FDD22EF113E01F9D0048D284 /* SenTestingKit.framework */,
				FD48395313DCD7D400EA0397 /* AudioToolbox.framework */,
				FD48395113DCD7CD00EA0397 /* SystemConfiguration.framework */,
				FD48395513DCD7E900EA0397 /* MobileCoreServices.framework */,
				FD48394F13DCD7C600EA0397 /* CFNetwork.framework */,
				FD48394C13DCD7BF00EA0397 /* libz.1.2.3.dylib */,
				FD7F0E0413C486070061548E /* CoreData.framework */,
				FD283E9713C02AED00FC57EE /* UIKit.framework */,
				FD283E9913C02AED00FC57EE /* Foundation.framework */,
				FD283E9B13C02AED00FC57EE /* CoreGraphics.framework */,
			);
			name = Frameworks;
			sourceTree = "<group>";
		};
		FD283E9D13C02AED00FC57EE /* FooBar */ = {
			isa = PBXGroup;
			children = (
				FD35DA7613CAA452008DB019 /* FBConfig.h */,
				FD35DA7713CAA452008DB019 /* FBConfig.m */,
				FD283EA613C02AED00FC57EE /* FooBarAppDelegate.h */,
				FD283EA713C02AED00FC57EE /* FooBarAppDelegate.m */,
				FD283EA913C02AED00FC57EE /* MainWindow.xib */,
				FD8E9BAC141AE18B00F04696 /* ShowCodeView */,
				FD8E9BAE141AE1AC00F04696 /* BookPoints */,
				FD8E9BAF141AE1C900F04696 /* StoreList */,
				FD8E9BB0141AE4BF00F04696 /* StoreView */,
				FD8E9BB1141AE4E500F04696 /* CouponView */,
			);
			path = FooBar;
			sourceTree = "<group>";
		};
		FD283E9E13C02AED00FC57EE /* Supporting Files */ = {
			isa = PBXGroup;
			children = (
				FD283E9F13C02AED00FC57EE /* FooBar-Info.plist */,
				FD283EA013C02AED00FC57EE /* InfoPlist.strings */,
				FD283EA313C02AED00FC57EE /* FooBar-Prefix.pch */,
				FD283EA413C02AED00FC57EE /* main.m */,
			);
			name = "Supporting Files";
			path = FooBar;
			sourceTree = "<group>";
		};
		FD283EC313C02AED00FC57EE /* FooBarTests */ = {
			isa = PBXGroup;
			children = (
				FD283EC413C02AED00FC57EE /* Supporting Files */,
				FD2BF609141CE4CB00E6E6E5 /* FooBarTests.h */,
				FD2BF60A141CE4CB00E6E6E5 /* FooBarTests.m */,
			);
			path = FooBarTests;
			sourceTree = "<group>";
		};
		FD283EC413C02AED00FC57EE /* Supporting Files */ = {
			isa = PBXGroup;
			children = (
				FD283EC513C02AED00FC57EE /* FooBarTests-Info.plist */,
				FD283EC613C02AED00FC57EE /* InfoPlist.strings */,
				FD283EC913C02AED00FC57EE /* FooBarTests-Prefix.pch */,
			);
			name = "Supporting Files";
			sourceTree = "<group>";
		};
		FD283ED913C0812E00FC57EE /* Resources */ = {
			isa = PBXGroup;
			children = (
				FD8C3B8D141A2B99004D7A5C /* icon.png */,
				FD577F9613D8D7890043BFB4 /* ButtonAquaGreen.png */,
				FD577F9713D8D7890043BFB4 /* ButtonAquaRed.png */,
				FD35DA7113CA58C9008DB019 /* FBCodeButtonOff.png */,
				FD35DA7213CA58C9008DB019 /* FBCodeButtonOn.png */,
				FD9EE6FF13C8287F00FC80D8 /* Background.png */,
				FD7DE95113C5DA8B00887511 /* numberBackground.png */,
				FD375B8613C879B50061FE83 /* Points.png */,
				FD375B8913C879C00061FE83 /* Coupon.png */,
				FD375B8B13C879CA0061FE83 /* ShowCode.png */,
			);
			name = Resources;
			path = FooBar;
			sourceTree = "<group>";
		};
		FD48395713DCD81900EA0397 /* Json */ = {
			isa = PBXGroup;
			children = (
				FDA661BC13C5660A006F4EE7 /* NSObject+SBJson.h */,
				FDA661BD13C5660A006F4EE7 /* NSObject+SBJson.m */,
				FDA661BE13C5660A006F4EE7 /* SBJson.h */,
				FDA661BF13C5660A006F4EE7 /* SBJsonParser.h */,
				FDA661C013C5660A006F4EE7 /* SBJsonParser.m */,
				FDA661C113C5660A006F4EE7 /* SBJsonStreamParser.h */,
				FDA661C213C5660A006F4EE7 /* SBJsonStreamParser.m */,
				FDA661C313C5660A006F4EE7 /* SBJsonStreamParserAccumulator.h */,
				FDA661C413C5660A006F4EE7 /* SBJsonStreamParserAccumulator.m */,
				FDA661C513C5660A006F4EE7 /* SBJsonStreamParserAdapter.h */,
				FDA661C613C5660A006F4EE7 /* SBJsonStreamParserAdapter.m */,
				FDA661C713C5660A006F4EE7 /* SBJsonStreamParserState.h */,
				FDA661C813C5660A006F4EE7 /* SBJsonStreamParserState.m */,
				FDA661C913C5660A006F4EE7 /* SBJsonStreamWriter.h */,
				FDA661CA13C5660A006F4EE7 /* SBJsonStreamWriter.m */,
				FDA661CB13C5660A006F4EE7 /* SBJsonStreamWriterAccumulator.h */,
				FDA661CC13C5660A006F4EE7 /* SBJsonStreamWriterAccumulator.m */,
				FDA661CD13C5660A006F4EE7 /* SBJsonStreamWriterState.h */,
				FDA661CE13C5660A006F4EE7 /* SBJsonStreamWriterState.m */,
				FDA661CF13C5660A006F4EE7 /* SBJsonTokeniser.h */,
				FDA661D013C5660A006F4EE7 /* SBJsonTokeniser.m */,
				FDA661D113C5660A006F4EE7 /* SBJsonUTF8Stream.h */,
				FDA661D213C5660A006F4EE7 /* SBJsonUTF8Stream.m */,
				FDA661D313C5660A006F4EE7 /* SBJsonWriter.h */,
				FDA661D413C5660A006F4EE7 /* SBJsonWriter.m */,
			);
			name = Json;
			sourceTree = "<group>";
		};
		FD48395813DCD82300EA0397 /* ASI */ = {
			isa = PBXGroup;
			children = (
				FD48395913DCD86000EA0397 /* ASIAuthenticationDialog.h */,
				FD48395A13DCD86000EA0397 /* ASIAuthenticationDialog.m */,
				FD48395B13DCD86000EA0397 /* ASICacheDelegate.h */,
				FD48395C13DCD86000EA0397 /* ASIDataCompressor.h */,
				FD48395D13DCD86000EA0397 /* ASIDataCompressor.m */,
				FD48395E13DCD86000EA0397 /* ASIDataDecompressor.h */,
				FD48395F13DCD86000EA0397 /* ASIDataDecompressor.m */,
				FD48396013DCD86000EA0397 /* ASIDownloadCache.h */,
				FD48396113DCD86000EA0397 /* ASIDownloadCache.m */,
				FD48396213DCD86000EA0397 /* ASIFormDataRequest.h */,
				FD48396313DCD86000EA0397 /* ASIFormDataRequest.m */,
				FD48396413DCD86000EA0397 /* ASIHTTPRequest.h */,
				FD48396513DCD86000EA0397 /* ASIHTTPRequest.m */,
				FD48396613DCD86000EA0397 /* ASIHTTPRequestConfig.h */,
				FD48396713DCD86000EA0397 /* ASIHTTPRequestDelegate.h */,
				FD48396813DCD86000EA0397 /* ASIInputStream.h */,
				FD48396913DCD86000EA0397 /* ASIInputStream.m */,
				FD48396A13DCD86000EA0397 /* ASINetworkQueue.h */,
				FD48396B13DCD86000EA0397 /* ASINetworkQueue.m */,
				FD48396C13DCD86000EA0397 /* ASIProgressDelegate.h */,
				FD48397513DCD87900EA0397 /* Reachability.h */,
				FD48397613DCD87900EA0397 /* Reachability.m */,
			);
			name = ASI;
			sourceTree = "<group>";
		};
		FD7F0E0313C485D50061548E /* Model */ = {
			isa = PBXGroup;
			children = (
				FD2BF611141CF45D00E6E6E5 /* FBStore.h */,
				FD2BF612141CF45D00E6E6E5 /* FBStore.m */,
				FD283ED613C02B2F00FC57EE /* FooBarData.xcdatamodeld */,
				FD7F0E0013C485BF0061548E /* FBStoreManager.h */,
				FD7F0E0113C485BF0061548E /* FBStoreManager.m */,
				FD3092CB1415153A0051FCD9 /* FBStoreExt.h */,
				FD3092CC1415153A0051FCD9 /* FBStoreExt.m */,
			);
			name = Model;
			sourceTree = "<group>";
		};
		FD8E9BAC141AE18B00F04696 /* ShowCodeView */ = {
			isa = PBXGroup;
			children = (
				FDC0AEBE13C0F67900BF8337 /* ShowCodeView.xib */,
				FDC0AEC013C0F69000BF8337 /* ShowCodeViewController.h */,
				FDC0AEC113C0F69000BF8337 /* ShowCodeViewController.m */,
				FDA2810413CBA65C00F34014 /* ShowCodeViewModel.h */,
				FDA2810513CBA65C00F34014 /* ShowCodeViewModel.m */,
			);
			name = ShowCodeView;
			sourceTree = "<group>";
		};
		FD8E9BAE141AE1AC00F04696 /* BookPoints */ = {
			isa = PBXGroup;
			children = (
				FD96F41613CA530A00F3591F /* FBCodeButton.h */,
				FD96F41713CA530A00F3591F /* FBCodeButton.m */,
				FD94BF2113D8527400E373D2 /* BookPoints.xib */,
				FD94BF2413D8530D00E373D2 /* BookPointsViewController.h */,
				FD94BF2513D8530D00E373D2 /* BookPointsViewController.m */,
			);
			name = BookPoints;
			sourceTree = "<group>";
		};
		FD8E9BAF141AE1C900F04696 /* StoreList */ = {
			isa = PBXGroup;
			children = (
				FDC0AEC513C0F70500BF8337 /* StoreListView.xib */,
				FDC0AEC713C0F71900BF8337 /* StoreListViewController.h */,
				FDC0AEC813C0F71900BF8337 /* StoreListViewController.m */,
				FDB40E2613C7539E004B549A /* StoreListCell.xib */,
				FDB40E2813C75636004B549A /* StoreListCell.h */,
				FDB40E2913C75636004B549A /* StoreListCell.m */,
				FDB40E2B13C757B6004B549A /* StoreListCellController.h */,
				FDB40E2C13C757B7004B549A /* StoreListCellController.m */,
			);
			name = StoreList;
			sourceTree = "<group>";
		};
		FD8E9BB0141AE4BF00F04696 /* StoreView */ = {
			isa = PBXGroup;
			children = (
				FDA0DA811416CFEB00BC526C /* StoreView.xib */,
				FD3092DE14151A100051FCD9 /* StoreViewController.h */,
				FD3092DF14151A100051FCD9 /* StoreViewController.m */,
				FDA0DA831416D04A00BC526C /* StoreViewCell.xib */,
				FDA0DA8814182EFC00BC526C /* StoreViewCell.h */,
				FDA0DA8914182EFC00BC526C /* StoreViewCell.m */,
				FDA0DA8B1418377D00BC526C /* ContactCell.xib */,
				FDA0DA8D141839EA00BC526C /* ContactCell.h */,
				FDA0DA8E141839EA00BC526C /* ContactCell.m */,
			);
			name = StoreView;
			sourceTree = "<group>";
		};
		FD8E9BB1141AE4E500F04696 /* CouponView */ = {
			isa = PBXGroup;
			children = (
				FDC0AEBC13C0F57D00BF8337 /* CouponView.xib */,
				FDC0AEB913C0F51E00BF8337 /* CouponViewController.h */,
				FDC0AEBA13C0F51E00BF8337 /* CouponViewController.m */,
			);
			name = CouponView;
			sourceTree = "<group>";
		};
		FD9EE70113C8387000FC80D8 /* APCFramework */ = {
			isa = PBXGroup;
			children = (
				FD9EE70213C8389400FC80D8 /* APCString.h */,
				FD9EE70313C8389400FC80D8 /* APCString.m */,
				FD9EE70513C8390F00FC80D8 /* APCArray.h */,
				FD9EE70613C8390F00FC80D8 /* APCArray.m */,
				FDAC7CDD13D5972A0028ABFB /* APCRoundRect.h */,
				FDAC7CDE13D5972A0028ABFB /* APCRoundRect.m */,
				FD8BE2EE13E0B83A00CD3F1E /* APCDateUtil.h */,
				FD8BE2EF13E0B83A00CD3F1E /* APCDateUtil.m */,
			);
			name = APCFramework;
			sourceTree = "<group>";
		};
		FDA661BB13C565ED006F4EE7 /* Classes */ = {
			isa = PBXGroup;
			children = (
				FD48395813DCD82300EA0397 /* ASI */,
				FD48395713DCD81900EA0397 /* Json */,
				FD9EE70113C8387000FC80D8 /* APCFramework */,
			);
			name = Classes;
			sourceTree = "<group>";
		};
/* End PBXGroup section */

/* Begin PBXNativeTarget section */
		FD283E9213C02AED00FC57EE /* foobar */ = {
			isa = PBXNativeTarget;
			buildConfigurationList = FD283ED013C02AED00FC57EE /* Build configuration list for PBXNativeTarget "foobar" */;
			buildPhases = (
				FD283E8F13C02AED00FC57EE /* Sources */,
				FD283E9013C02AED00FC57EE /* Frameworks */,
				FD283E9113C02AED00FC57EE /* Resources */,
			);
			buildRules = (
			);
			dependencies = (
			);
			name = foobar;
			productName = FooBar;
			productReference = FD283E9313C02AED00FC57EE /* foobar.app */;
			productType = "com.apple.product-type.application";
		};
		FD283EBC13C02AED00FC57EE /* FooBarTests */ = {
			isa = PBXNativeTarget;
			buildConfigurationList = FD283ED313C02AED00FC57EE /* Build configuration list for PBXNativeTarget "FooBarTests" */;
			buildPhases = (
				FD283EB813C02AED00FC57EE /* Sources */,
				FD283EB913C02AED00FC57EE /* Frameworks */,
				FD283EBA13C02AED00FC57EE /* Resources */,
				FD283EBB13C02AED00FC57EE /* ShellScript */,
			);
			buildRules = (
			);
			dependencies = (
				FD283EC213C02AED00FC57EE /* PBXTargetDependency */,
			);
			name = FooBarTests;
			productName = FooBarTests;
			productReference = FD283EBD13C02AED00FC57EE /* FooBarTests.octest */;
			productType = "com.apple.product-type.bundle";
		};
/* End PBXNativeTarget section */

/* Begin PBXProject section */
		FD283E8A13C02AED00FC57EE /* Project object */ = {
			isa = PBXProject;
			buildConfigurationList = FD283E8D13C02AED00FC57EE /* Build configuration list for PBXProject "foobar" */;
			compatibilityVersion = "Xcode 3.2";
			developmentRegion = English;
			hasScannedForEncodings = 0;
			knownRegions = (
				en,
			);
			mainGroup = FD283E8813C02AED00FC57EE;
			productRefGroup = FD283E9413C02AED00FC57EE /* Products */;
			projectDirPath = "";
			projectRoot = "";
			targets = (
				FD283E9213C02AED00FC57EE /* foobar */,
				FD283EBC13C02AED00FC57EE /* FooBarTests */,
			);
		};
/* End PBXProject section */

/* Begin PBXResourcesBuildPhase section */
		FD283E9113C02AED00FC57EE /* Resources */ = {
			isa = PBXResourcesBuildPhase;
			buildActionMask = 2147483647;
			files = (
				FD283EA213C02AED00FC57EE /* InfoPlist.strings in Resources */,
				FD283EAB13C02AED00FC57EE /* MainWindow.xib in Resources */,
				FDC0AEBD13C0F57D00BF8337 /* CouponView.xib in Resources */,
				FDC0AEBF13C0F67900BF8337 /* ShowCodeView.xib in Resources */,
				FDC0AEC613C0F70500BF8337 /* StoreListView.xib in Resources */,
				FD7DE95213C5DA8B00887511 /* numberBackground.png in Resources */,
				FDB40E2713C7539E004B549A /* StoreListCell.xib in Resources */,
				FD9EE70013C8287F00FC80D8 /* Background.png in Resources */,
				FD375B8713C879B50061FE83 /* Points.png in Resources */,
				FD375B8A13C879C00061FE83 /* Coupon.png in Resources */,
				FD375B8C13C879CA0061FE83 /* ShowCode.png in Resources */,
				FD35DA7313CA58C9008DB019 /* FBCodeButtonOff.png in Resources */,
				FD35DA7413CA58C9008DB019 /* FBCodeButtonOn.png in Resources */,
				FD94BF2213D8527400E373D2 /* BookPoints.xib in Resources */,
				FD577F9813D8D7890043BFB4 /* ButtonAquaGreen.png in Resources */,
				FD577F9913D8D7890043BFB4 /* ButtonAquaRed.png in Resources */,
				FDA0DA821416CFEB00BC526C /* StoreView.xib in Resources */,
				FDA0DA841416D04A00BC526C /* StoreViewCell.xib in Resources */,
				FDA0DA8C1418377D00BC526C /* ContactCell.xib in Resources */,
				FD8C3B8E141A2B99004D7A5C /* icon.png in Resources */,
			);
			runOnlyForDeploymentPostprocessing = 0;
		};
		FD283EBA13C02AED00FC57EE /* Resources */ = {
			isa = PBXResourcesBuildPhase;
			buildActionMask = 2147483647;
			files = (
				FD283EC813C02AED00FC57EE /* InfoPlist.strings in Resources */,
			);
			runOnlyForDeploymentPostprocessing = 0;
		};
/* End PBXResourcesBuildPhase section */

/* Begin PBXShellScriptBuildPhase section */
		FD283EBB13C02AED00FC57EE /* ShellScript */ = {
			isa = PBXShellScriptBuildPhase;
			buildActionMask = 2147483647;
			files = (
			);
			inputPaths = (
			);
			outputPaths = (
			);
			runOnlyForDeploymentPostprocessing = 0;
			shellPath = /bin/sh;
			shellScript = "# Run the unit tests in this test bundle.\n\"${SYSTEM_DEVELOPER_DIR}/Tools/RunUnitTests\"\n";
		};
/* End PBXShellScriptBuildPhase section */

/* Begin PBXSourcesBuildPhase section */
		FD283E8F13C02AED00FC57EE /* Sources */ = {
			isa = PBXSourcesBuildPhase;
			buildActionMask = 2147483647;
			files = (
				FD283EA513C02AED00FC57EE /* main.m in Sources */,
				FD283EA813C02AED00FC57EE /* FooBarAppDelegate.m in Sources */,
				FD283ED813C02B2F00FC57EE /* FooBarData.xcdatamodeld in Sources */,
				FDC0AEBB13C0F51E00BF8337 /* CouponViewController.m in Sources */,
				FDC0AEC213C0F69000BF8337 /* ShowCodeViewController.m in Sources */,
				FDC0AEC913C0F71900BF8337 /* StoreListViewController.m in Sources */,
				FD7F0E0213C485BF0061548E /* FBStoreManager.m in Sources */,
				FDA661D513C5660A006F4EE7 /* NSObject+SBJson.m in Sources */,
				FDA661D613C5660A006F4EE7 /* SBJsonParser.m in Sources */,
				FDA661D713C5660A006F4EE7 /* SBJsonStreamParser.m in Sources */,
				FDA661D813C5660A006F4EE7 /* SBJsonStreamParserAccumulator.m in Sources */,
				FDA661D913C5660A006F4EE7 /* SBJsonStreamParserAdapter.m in Sources */,
				FDA661DA13C5660A006F4EE7 /* SBJsonStreamParserState.m in Sources */,
				FDA661DB13C5660A006F4EE7 /* SBJsonStreamWriter.m in Sources */,
				FDA661DC13C5660A006F4EE7 /* SBJsonStreamWriterAccumulator.m in Sources */,
				FDA661DD13C5660A006F4EE7 /* SBJsonStreamWriterState.m in Sources */,
				FDA661DE13C5660A006F4EE7 /* SBJsonTokeniser.m in Sources */,
				FDA661DF13C5660A006F4EE7 /* SBJsonUTF8Stream.m in Sources */,
				FDA661E013C5660A006F4EE7 /* SBJsonWriter.m in Sources */,
				FDB40E2A13C75637004B549A /* StoreListCell.m in Sources */,
				FDB40E2D13C757B7004B549A /* StoreListCellController.m in Sources */,
				FD9EE70413C8389400FC80D8 /* APCString.m in Sources */,
				FD9EE70713C8390F00FC80D8 /* APCArray.m in Sources */,
				FD96F41813CA530A00F3591F /* FBCodeButton.m in Sources */,
				FD35DA7813CAA452008DB019 /* FBConfig.m in Sources */,
				FDA2810613CBA65D00F34014 /* ShowCodeViewModel.m in Sources */,
				FDAC7CDF13D5972B0028ABFB /* APCRoundRect.m in Sources */,
				FD94BF2613D8530D00E373D2 /* BookPointsViewController.m in Sources */,
				FD48396D13DCD86000EA0397 /* ASIAuthenticationDialog.m in Sources */,
				FD48396E13DCD86000EA0397 /* ASIDataCompressor.m in Sources */,
				FD48396F13DCD86000EA0397 /* ASIDataDecompressor.m in Sources */,
				FD48397013DCD86000EA0397 /* ASIDownloadCache.m in Sources */,
				FD48397113DCD86000EA0397 /* ASIFormDataRequest.m in Sources */,
				FD48397213DCD86000EA0397 /* ASIHTTPRequest.m in Sources */,
				FD48397313DCD86000EA0397 /* ASIInputStream.m in Sources */,
				FD48397413DCD86000EA0397 /* ASINetworkQueue.m in Sources */,
				FD48397713DCD87900EA0397 /* Reachability.m in Sources */,
				FD8BE2F013E0B83A00CD3F1E /* APCDateUtil.m in Sources */,
				FD3092CD1415153B0051FCD9 /* FBStoreExt.m in Sources */,
				FD3092E014151A110051FCD9 /* StoreViewController.m in Sources */,
				FDA0DA8A14182EFC00BC526C /* StoreViewCell.m in Sources */,
				FDA0DA8F141839EB00BC526C /* ContactCell.m in Sources */,
				FD2BF613141CF45D00E6E6E5 /* FBStore.m in Sources */,
			);
			runOnlyForDeploymentPostprocessing = 0;
		};
		FD283EB813C02AED00FC57EE /* Sources */ = {
			isa = PBXSourcesBuildPhase;
			buildActionMask = 2147483647;
			files = (
				FD2BF60D141CE61000E6E6E5 /* FooBarTests.m in Sources */,
			);
			runOnlyForDeploymentPostprocessing = 0;
		};
/* End PBXSourcesBuildPhase section */

/* Begin PBXTargetDependency section */
		FD283EC213C02AED00FC57EE /* PBXTargetDependency */ = {
			isa = PBXTargetDependency;
			target = FD283E9213C02AED00FC57EE /* foobar */;
			targetProxy = FD283EC113C02AED00FC57EE /* PBXContainerItemProxy */;
		};
/* End PBXTargetDependency section */

/* Begin PBXVariantGroup section */
		FD283EA013C02AED00FC57EE /* InfoPlist.strings */ = {
			isa = PBXVariantGroup;
			children = (
				FD283EA113C02AED00FC57EE /* en */,
			);
			name = InfoPlist.strings;
			sourceTree = "<group>";
		};
		FD283EA913C02AED00FC57EE /* MainWindow.xib */ = {
			isa = PBXVariantGroup;
			children = (
				FD283EAA13C02AED00FC57EE /* en */,
			);
			name = MainWindow.xib;
			sourceTree = "<group>";
		};
		FD283EC613C02AED00FC57EE /* InfoPlist.strings */ = {
			isa = PBXVariantGroup;
			children = (
				FD283EC713C02AED00FC57EE /* en */,
			);
			name = InfoPlist.strings;
			sourceTree = "<group>";
		};
/* End PBXVariantGroup section */

/* Begin XCBuildConfiguration section */
		FD283ECE13C02AED00FC57EE /* Debug */ = {
			isa = XCBuildConfiguration;
			buildSettings = {
				ADDITIONAL_SDKS = "";
				ARCHS = "$(ARCHS_STANDARD_32_BIT)";
				"CODE_SIGN_IDENTITY[sdk=iphoneos*]" = "iPhone Developer";
				GCC_C_LANGUAGE_STANDARD = gnu99;
				GCC_OPTIMIZATION_LEVEL = 0;
				GCC_PREPROCESSOR_DEFINITIONS = DEBUG;
				GCC_SYMBOLS_PRIVATE_EXTERN = NO;
				GCC_VERSION = com.apple.compilers.llvmgcc42;
				GCC_WARN_ABOUT_RETURN_TYPE = YES;
				GCC_WARN_UNUSED_VARIABLE = YES;
				IPHONEOS_DEPLOYMENT_TARGET = 4.3;
				OTHER_LDFLAGS = "";
				SDKROOT = iphoneos;
			};
			name = Debug;
		};
		FD283ECF13C02AED00FC57EE /* Release */ = {
			isa = XCBuildConfiguration;
			buildSettings = {
				ADDITIONAL_SDKS = "";
				ARCHS = "$(ARCHS_STANDARD_32_BIT)";
				"CODE_SIGN_IDENTITY[sdk=iphoneos*]" = "iPhone Developer";
				GCC_C_LANGUAGE_STANDARD = gnu99;
				GCC_VERSION = com.apple.compilers.llvmgcc42;
				GCC_WARN_ABOUT_RETURN_TYPE = YES;
				GCC_WARN_UNUSED_VARIABLE = YES;
				IPHONEOS_DEPLOYMENT_TARGET = 4.3;
				OTHER_CFLAGS = "-DNS_BLOCK_ASSERTIONS=1";
				OTHER_LDFLAGS = "";
				SDKROOT = iphoneos;
			};
			name = Release;
		};
		FD283ED113C02AED00FC57EE /* Debug */ = {
			isa = XCBuildConfiguration;
			buildSettings = {
				ALWAYS_SEARCH_USER_PATHS = NO;
				"CODE_SIGN_IDENTITY[sdk=iphoneos*]" = "iPhone Developer: YUSUKE IZUMI (54D6FFFNE2)";
				COPY_PHASE_STRIP = NO;
				GCC_DYNAMIC_NO_PIC = NO;
				GCC_PRECOMPILE_PREFIX_HEADER = YES;
				GCC_PREFIX_HEADER = "FooBar/FooBar-Prefix.pch";
				INFOPLIST_FILE = "FooBar/FooBar-Info.plist";
				PRODUCT_NAME = "$(TARGET_NAME)";
				"PROVISIONING_PROFILE[sdk=iphoneos*]" = "55165566-BEEE-47E7-81F3-ED8B963BFBFC";
				WRAPPER_EXTENSION = app;
			};
			name = Debug;
		};
		FD283ED213C02AED00FC57EE /* Release */ = {
			isa = XCBuildConfiguration;
			buildSettings = {
				ALWAYS_SEARCH_USER_PATHS = NO;
				COPY_PHASE_STRIP = YES;
				GCC_PRECOMPILE_PREFIX_HEADER = YES;
				GCC_PREFIX_HEADER = "FooBar/FooBar-Prefix.pch";
				INFOPLIST_FILE = "FooBar/FooBar-Info.plist";
				PRODUCT_NAME = "$(TARGET_NAME)";
				VALIDATE_PRODUCT = YES;
				WRAPPER_EXTENSION = app;
			};
			name = Release;
		};
		FD283ED413C02AED00FC57EE /* Debug */ = {
			isa = XCBuildConfiguration;
			buildSettings = {
				ADDITIONAL_SDKS = "";
				ALWAYS_SEARCH_USER_PATHS = NO;
				BUNDLE_LOADER = "$(BUILT_PRODUCTS_DIR)/foobar.app/foobar";
				FRAMEWORK_SEARCH_PATHS = (
					"$(SDKROOT)/Developer/Library/Frameworks",
					"$(DEVELOPER_LIBRARY_DIR)/Frameworks",
					"\"$(DEVELOPER_DIR)/Platforms/iPhoneSimulator.platform/Developer/SDKs/iPhoneSimulator4.3.sdk/Developer/Library/Frameworks\"",
				);
				GCC_PRECOMPILE_PREFIX_HEADER = YES;
				GCC_PREFIX_HEADER = "FooBarTests/FooBarTests-Prefix.pch";
				INFOPLIST_FILE = "FooBarTests/FooBarTests-Info.plist";
				OTHER_LDFLAGS = (
					"-framework",
					SenTestingKit,
				);
				PRODUCT_NAME = "$(TARGET_NAME)";
				TEST_AFTER_BUILD = YES;
				TEST_HOST = "$(BUNDLE_LOADER)";
				WRAPPER_EXTENSION = octest;
			};
			name = Debug;
		};
		FD283ED513C02AED00FC57EE /* Release */ = {
			isa = XCBuildConfiguration;
			buildSettings = {
				ADDITIONAL_SDKS = "";
				ALWAYS_SEARCH_USER_PATHS = NO;
				BUNDLE_LOADER = "$(BUILT_PRODUCTS_DIR)/foobar.app/foobar";
				FRAMEWORK_SEARCH_PATHS = (
					"$(SDKROOT)/Developer/Library/Frameworks",
					"$(DEVELOPER_LIBRARY_DIR)/Frameworks",
					"\"$(DEVELOPER_DIR)/Platforms/iPhoneSimulator.platform/Developer/SDKs/iPhoneSimulator4.3.sdk/Developer/Library/Frameworks\"",
				);
				GCC_PRECOMPILE_PREFIX_HEADER = YES;
				GCC_PREFIX_HEADER = "FooBarTests/FooBarTests-Prefix.pch";
				INFOPLIST_FILE = "FooBarTests/FooBarTests-Info.plist";
				OTHER_LDFLAGS = (
					"-framework",
					SenTestingKit,
				);
				PRODUCT_NAME = "$(TARGET_NAME)";
				TEST_AFTER_BUILD = YES;
				TEST_HOST = "$(BUNDLE_LOADER)";
				WRAPPER_EXTENSION = octest;
			};
			name = Release;
		};
/* End XCBuildConfiguration section */

/* Begin XCConfigurationList section */
		FD283E8D13C02AED00FC57EE /* Build configuration list for PBXProject "foobar" */ = {
			isa = XCConfigurationList;
			buildConfigurations = (
				FD283ECE13C02AED00FC57EE /* Debug */,
				FD283ECF13C02AED00FC57EE /* Release */,
			);
			defaultConfigurationIsVisible = 0;
			defaultConfigurationName = Release;
		};
		FD283ED013C02AED00FC57EE /* Build configuration list for PBXNativeTarget "foobar" */ = {
			isa = XCConfigurationList;
			buildConfigurations = (
				FD283ED113C02AED00FC57EE /* Debug */,
				FD283ED213C02AED00FC57EE /* Release */,
			);
			defaultConfigurationIsVisible = 0;
			defaultConfigurationName = Release;
		};
		FD283ED313C02AED00FC57EE /* Build configuration list for PBXNativeTarget "FooBarTests" */ = {
			isa = XCConfigurationList;
			buildConfigurations = (
				FD283ED413C02AED00FC57EE /* Debug */,
				FD283ED513C02AED00FC57EE /* Release */,
			);
			defaultConfigurationIsVisible = 0;
			defaultConfigurationName = Release;
		};
/* End XCConfigurationList section */

/* Begin XCVersionGroup section */
		FD283ED613C02B2F00FC57EE /* FooBarData.xcdatamodeld */ = {
			isa = XCVersionGroup;
			children = (
				FD283ED713C02B2F00FC57EE /* FooBarData.xcdatamodel */,
			);
			currentVersion = FD283ED713C02B2F00FC57EE /* FooBarData.xcdatamodel */;
			name = FooBarData.xcdatamodeld;
			path = FooBar/FooBarData.xcdatamodeld;
			sourceTree = "<group>";
			versionGroupType = wrapper.xcdatamodel;
		};
/* End XCVersionGroup section */
	};
	rootObject = FD283E8A13C02AED00FC57EE /* Project object */;
}
